// !$*UTF8*$!
{
	archiveVersion = 1;
	classes = {
	};
	objectVersion = 45;
	objects = {

/* Begin PBXBuildFile section */
		7B0A23BA0EDC3DF1008307E1 /* exception.hpp in Headers */ = {isa = PBXBuildFile; fileRef = 7B0A23B90EDC3DF1008307E1 /* exception.hpp */; };
		7B6E5A950EE372F300FD0939 /* logwriter.cpp in Sources */ = {isa = PBXBuildFile; fileRef = 7B6E5A930EE372F300FD0939 /* logwriter.cpp */; };
		7B6E5A960EE372F300FD0939 /* logwriter.hpp in Headers */ = {isa = PBXBuildFile; fileRef = 7B6E5A940EE372F300FD0939 /* logwriter.hpp */; };
		7B735BAA0EE4A977004180FE /* libsaga_package_job.dylib in Frameworks */ = {isa = PBXBuildFile; fileRef = 7BBD4F770E9C0BFE00DD28FC /* libsaga_package_job.dylib */; };
		7B7E49EF0EF00F0E00E7E3AE /* dependency.hpp in Headers */ = {isa = PBXBuildFile; fileRef = 7B7E49EE0EF00F0E00E7E3AE /* dependency.hpp */; };
		7B7E4A650EF01BC100E7E3AE /* job_dag.hpp in Headers */ = {isa = PBXBuildFile; fileRef = 7B7E4A630EF01BC100E7E3AE /* job_dag.hpp */; };
		7B7E4A660EF01BC100E7E3AE /* job_dag.cpp in Sources */ = {isa = PBXBuildFile; fileRef = 7B7E4A640EF01BC100E7E3AE /* job_dag.cpp */; };
		7BB4D6BC0ED8D99100BEAF7D /* version.cpp in Sources */ = {isa = PBXBuildFile; fileRef = 7BB4D6AE0ED8D7A400BEAF7D /* version.cpp */; };
		7BB4D6EF0ED8DA7900BEAF7D /* exports.hpp in Headers */ = {isa = PBXBuildFile; fileRef = 7BB4D6EE0ED8DA7900BEAF7D /* exports.hpp */; };
		7BB4D70E0ED8DBD700BEAF7D /* faust.hpp in Headers */ = {isa = PBXBuildFile; fileRef = 7BB4D6710ED8CF8400BEAF7D /* faust.hpp */; };
		7BB4D7810ED8E03700BEAF7D /* libsaga_engine.dylib in Frameworks */ = {isa = PBXBuildFile; fileRef = 7BBD4F740E9C0BFE00DD28FC /* libsaga_engine.dylib */; };
		7BB738550EEDAEFE00931970 /* job_group_impl.cpp in Sources */ = {isa = PBXBuildFile; fileRef = 7BB7384F0EEDAEFE00931970 /* job_group_impl.cpp */; };
		7BB738560EEDAEFE00931970 /* job_group_impl.hpp in Headers */ = {isa = PBXBuildFile; fileRef = 7BB738500EEDAEFE00931970 /* job_group_impl.hpp */; };
		7BB738570EEDAEFE00931970 /* job_impl.cpp in Sources */ = {isa = PBXBuildFile; fileRef = 7BB738510EEDAEFE00931970 /* job_impl.cpp */; };
		7BB738580EEDAEFE00931970 /* job_impl.hpp in Headers */ = {isa = PBXBuildFile; fileRef = 7BB738520EEDAEFE00931970 /* job_impl.hpp */; };
		7BB738590EEDAEFE00931970 /* service_impl.cpp in Sources */ = {isa = PBXBuildFile; fileRef = 7BB738530EEDAEFE00931970 /* service_impl.cpp */; };
		7BB7385A0EEDAEFE00931970 /* service_impl.hpp in Headers */ = {isa = PBXBuildFile; fileRef = 7BB738540EEDAEFE00931970 /* service_impl.hpp */; };
		7BB738650EEDAF0F00931970 /* description.cpp in Sources */ = {isa = PBXBuildFile; fileRef = 7BB7385B0EEDAF0F00931970 /* description.cpp */; };
		7BB738660EEDAF0F00931970 /* description.hpp in Headers */ = {isa = PBXBuildFile; fileRef = 7BB7385C0EEDAF0F00931970 /* description.hpp */; };
		7BB738670EEDAF0F00931970 /* job.cpp in Sources */ = {isa = PBXBuildFile; fileRef = 7BB7385D0EEDAF0F00931970 /* job.cpp */; };
		7BB738680EEDAF0F00931970 /* job.hpp in Headers */ = {isa = PBXBuildFile; fileRef = 7BB7385E0EEDAF0F00931970 /* job.hpp */; };
		7BB738690EEDAF0F00931970 /* job_group.cpp in Sources */ = {isa = PBXBuildFile; fileRef = 7BB7385F0EEDAF0F00931970 /* job_group.cpp */; };
		7BB7386A0EEDAF0F00931970 /* job_group.hpp in Headers */ = {isa = PBXBuildFile; fileRef = 7BB738600EEDAF0F00931970 /* job_group.hpp */; };
		7BB7386B0EEDAF0F00931970 /* resource.hpp in Headers */ = {isa = PBXBuildFile; fileRef = 7BB738610EEDAF0F00931970 /* resource.hpp */; };
		7BB7386C0EEDAF0F00931970 /* service.cpp in Sources */ = {isa = PBXBuildFile; fileRef = 7BB738620EEDAF0F00931970 /* service.cpp */; };
		7BB7386D0EEDAF0F00931970 /* service.hpp in Headers */ = {isa = PBXBuildFile; fileRef = 7BB738630EEDAF0F00931970 /* service.hpp */; };
		7BB7386E0EEDAF0F00931970 /* state.hpp in Headers */ = {isa = PBXBuildFile; fileRef = 7BB738640EEDAF0F00931970 /* state.hpp */; };
		7BE456420ED9F0C4007A441F /* libboost_filesystem-mt-1_35.dylib in Frameworks */ = {isa = PBXBuildFile; fileRef = 7BE456400ED9F0C4007A441F /* libboost_filesystem-mt-1_35.dylib */; };
		7BE456430ED9F0C4007A441F /* libboost_system-mt-1_35.dylib in Frameworks */ = {isa = PBXBuildFile; fileRef = 7BE456410ED9F0C4007A441F /* libboost_system-mt-1_35.dylib */; };
		7BE456DA0ED9FE6C007A441F /* main.cpp in Sources */ = {isa = PBXBuildFile; fileRef = 7BB4D72E0ED8DDC000BEAF7D /* main.cpp */; };
		7BE456DD0ED9FE99007A441F /* libfaust.dylib in Frameworks */ = {isa = PBXBuildFile; fileRef = 7BB4D6B70ED8D94100BEAF7D /* libfaust.dylib */; };
		7BE456DF0ED9FEB0007A441F /* libsaga_engine.dylib in Frameworks */ = {isa = PBXBuildFile; fileRef = 7BBD4F740E9C0BFE00DD28FC /* libsaga_engine.dylib */; };
		7BE457DB0EDA03BD007A441F /* libsaga_package_job.dylib in Frameworks */ = {isa = PBXBuildFile; fileRef = 7BBD4F770E9C0BFE00DD28FC /* libsaga_package_job.dylib */; };
/* End PBXBuildFile section */

/* Begin PBXContainerItemProxy section */
		7BE456DB0ED9FE8E007A441F /* PBXContainerItemProxy */ = {
			isa = PBXContainerItemProxy;
			containerPortal = 08FB7793FE84155DC02AAC07 /* Project object */;
			proxyType = 1;
			remoteGlobalIDString = 7BB4D6B60ED8D94100BEAF7D;
			remoteInfo = libfaust;
		};
/* End PBXContainerItemProxy section */

/* Begin PBXFileReference section */
		7B0A23B90EDC3DF1008307E1 /* exception.hpp */ = {isa = PBXFileReference; fileEncoding = 4; lastKnownFileType = sourcecode.cpp.h; path = exception.hpp; sourceTree = "<group>"; };
		7B6E5A930EE372F300FD0939 /* logwriter.cpp */ = {isa = PBXFileReference; fileEncoding = 4; lastKnownFileType = sourcecode.cpp.cpp; path = logwriter.cpp; sourceTree = "<group>"; };
		7B6E5A940EE372F300FD0939 /* logwriter.hpp */ = {isa = PBXFileReference; fileEncoding = 4; lastKnownFileType = sourcecode.cpp.h; path = logwriter.hpp; sourceTree = "<group>"; };
		7B7E49EE0EF00F0E00E7E3AE /* dependency.hpp */ = {isa = PBXFileReference; fileEncoding = 4; lastKnownFileType = sourcecode.cpp.h; path = dependency.hpp; sourceTree = "<group>"; };
		7B7E4A630EF01BC100E7E3AE /* job_dag.hpp */ = {isa = PBXFileReference; fileEncoding = 4; lastKnownFileType = sourcecode.cpp.h; path = job_dag.hpp; sourceTree = "<group>"; };
		7B7E4A640EF01BC100E7E3AE /* job_dag.cpp */ = {isa = PBXFileReference; fileEncoding = 4; lastKnownFileType = sourcecode.cpp.cpp; path = job_dag.cpp; sourceTree = "<group>"; };
		7BB4D6710ED8CF8400BEAF7D /* faust.hpp */ = {isa = PBXFileReference; fileEncoding = 4; lastKnownFileType = sourcecode.cpp.h; path = faust.hpp; sourceTree = "<group>"; };
		7BB4D6AE0ED8D7A400BEAF7D /* version.cpp */ = {isa = PBXFileReference; fileEncoding = 4; lastKnownFileType = sourcecode.cpp.cpp; path = version.cpp; sourceTree = "<group>"; };
		7BB4D6B00ED8D8BE00BEAF7D /* defines.hpp */ = {isa = PBXFileReference; fileEncoding = 4; lastKnownFileType = sourcecode.cpp.h; path = defines.hpp; sourceTree = "<group>"; };
		7BB4D6B10ED8D8BE00BEAF7D /* version.hpp */ = {isa = PBXFileReference; fileEncoding = 4; lastKnownFileType = sourcecode.cpp.h; path = version.hpp; sourceTree = "<group>"; };
		7BB4D6B70ED8D94100BEAF7D /* libfaust.dylib */ = {isa = PBXFileReference; explicitFileType = "compiled.mach-o.dylib"; includeInIndex = 0; path = libfaust.dylib; sourceTree = BUILT_PRODUCTS_DIR; };
		7BB4D6EE0ED8DA7900BEAF7D /* exports.hpp */ = {isa = PBXFileReference; fileEncoding = 4; lastKnownFileType = sourcecode.cpp.h; path = exports.hpp; sourceTree = "<group>"; };
		7BB4D72E0ED8DDC000BEAF7D /* main.cpp */ = {isa = PBXFileReference; fileEncoding = 4; lastKnownFileType = sourcecode.cpp.cpp; name = main.cpp; path = faust/main.cpp; sourceTree = "<group>"; };
		7BB7384F0EEDAEFE00931970 /* job_group_impl.cpp */ = {isa = PBXFileReference; fileEncoding = 4; lastKnownFileType = sourcecode.cpp.cpp; path = job_group_impl.cpp; sourceTree = "<group>"; };
		7BB738500EEDAEFE00931970 /* job_group_impl.hpp */ = {isa = PBXFileReference; fileEncoding = 4; lastKnownFileType = sourcecode.cpp.h; path = job_group_impl.hpp; sourceTree = "<group>"; };
		7BB738510EEDAEFE00931970 /* job_impl.cpp */ = {isa = PBXFileReference; fileEncoding = 4; lastKnownFileType = sourcecode.cpp.cpp; path = job_impl.cpp; sourceTree = "<group>"; };
		7BB738520EEDAEFE00931970 /* job_impl.hpp */ = {isa = PBXFileReference; fileEncoding = 4; lastKnownFileType = sourcecode.cpp.h; path = job_impl.hpp; sourceTree = "<group>"; };
		7BB738530EEDAEFE00931970 /* service_impl.cpp */ = {isa = PBXFileReference; fileEncoding = 4; lastKnownFileType = sourcecode.cpp.cpp; path = service_impl.cpp; sourceTree = "<group>"; };
		7BB738540EEDAEFE00931970 /* service_impl.hpp */ = {isa = PBXFileReference; fileEncoding = 4; lastKnownFileType = sourcecode.cpp.h; path = service_impl.hpp; sourceTree = "<group>"; };
		7BB7385B0EEDAF0F00931970 /* description.cpp */ = {isa = PBXFileReference; fileEncoding = 4; lastKnownFileType = sourcecode.cpp.cpp; path = description.cpp; sourceTree = "<group>"; };
		7BB7385C0EEDAF0F00931970 /* description.hpp */ = {isa = PBXFileReference; fileEncoding = 4; lastKnownFileType = sourcecode.cpp.h; path = description.hpp; sourceTree = "<group>"; };
		7BB7385D0EEDAF0F00931970 /* job.cpp */ = {isa = PBXFileReference; fileEncoding = 4; lastKnownFileType = sourcecode.cpp.cpp; path = job.cpp; sourceTree = "<group>"; };
		7BB7385E0EEDAF0F00931970 /* job.hpp */ = {isa = PBXFileReference; fileEncoding = 4; lastKnownFileType = sourcecode.cpp.h; path = job.hpp; sourceTree = "<group>"; };
		7BB7385F0EEDAF0F00931970 /* job_group.cpp */ = {isa = PBXFileReference; fileEncoding = 4; lastKnownFileType = sourcecode.cpp.cpp; path = job_group.cpp; sourceTree = "<group>"; };
		7BB738600EEDAF0F00931970 /* job_group.hpp */ = {isa = PBXFileReference; fileEncoding = 4; lastKnownFileType = sourcecode.cpp.h; path = job_group.hpp; sourceTree = "<group>"; };
		7BB738610EEDAF0F00931970 /* resource.hpp */ = {isa = PBXFileReference; fileEncoding = 4; lastKnownFileType = sourcecode.cpp.h; path = resource.hpp; sourceTree = "<group>"; };
		7BB738620EEDAF0F00931970 /* service.cpp */ = {isa = PBXFileReference; fileEncoding = 4; lastKnownFileType = sourcecode.cpp.cpp; path = service.cpp; sourceTree = "<group>"; };
		7BB738630EEDAF0F00931970 /* service.hpp */ = {isa = PBXFileReference; fileEncoding = 4; lastKnownFileType = sourcecode.cpp.h; path = service.hpp; sourceTree = "<group>"; };
		7BB738640EEDAF0F00931970 /* state.hpp */ = {isa = PBXFileReference; fileEncoding = 4; lastKnownFileType = sourcecode.cpp.h; path = state.hpp; sourceTree = "<group>"; };
		7BBD4F2A0E9C0B5900DD28FC /* libboost_date_time-mt-1_35.dylib */ = {isa = PBXFileReference; lastKnownFileType = "compiled.mach-o.dylib"; name = "libboost_date_time-mt-1_35.dylib"; path = "/usr/local/lib/libboost_date_time-mt-1_35.dylib"; sourceTree = "<absolute>"; };
		7BBD4F2B0E9C0B5900DD28FC /* libboost_program_options-mt-1_35.dylib */ = {isa = PBXFileReference; lastKnownFileType = "compiled.mach-o.dylib"; name = "libboost_program_options-mt-1_35.dylib"; path = "/usr/local/lib/libboost_program_options-mt-1_35.dylib"; sourceTree = "<absolute>"; };
		7BBD4F740E9C0BFE00DD28FC /* libsaga_engine.dylib */ = {isa = PBXFileReference; lastKnownFileType = "compiled.mach-o.dylib"; name = libsaga_engine.dylib; path = "/usr/local/saga-1.0/lib/libsaga_engine.dylib"; sourceTree = "<absolute>"; };
		7BBD4F750E9C0BFE00DD28FC /* libsaga_package_advert.dylib */ = {isa = PBXFileReference; lastKnownFileType = "compiled.mach-o.dylib"; name = libsaga_package_advert.dylib; path = "/usr/local/saga-1.0/lib/libsaga_package_advert.dylib"; sourceTree = "<absolute>"; };
		7BBD4F760E9C0BFE00DD28FC /* libsaga_package_file.dylib */ = {isa = PBXFileReference; lastKnownFileType = "compiled.mach-o.dylib"; name = libsaga_package_file.dylib; path = "/usr/local/saga-1.0/lib/libsaga_package_file.dylib"; sourceTree = "<absolute>"; };
		7BBD4F770E9C0BFE00DD28FC /* libsaga_package_job.dylib */ = {isa = PBXFileReference; lastKnownFileType = "compiled.mach-o.dylib"; name = libsaga_package_job.dylib; path = "/usr/local/saga-1.0/lib/libsaga_package_job.dylib"; sourceTree = "<absolute>"; };
		7BBD4F780E9C0BFE00DD28FC /* libsaga_package_namespace.dylib */ = {isa = PBXFileReference; lastKnownFileType = "compiled.mach-o.dylib"; name = libsaga_package_namespace.dylib; path = "/usr/local/saga-1.0/lib/libsaga_package_namespace.dylib"; sourceTree = "<absolute>"; };
		7BBD4F790E9C0BFE00DD28FC /* libsaga_package_replica.dylib */ = {isa = PBXFileReference; lastKnownFileType = "compiled.mach-o.dylib"; name = libsaga_package_replica.dylib; path = "/usr/local/saga-1.0/lib/libsaga_package_replica.dylib"; sourceTree = "<absolute>"; };
		7BBD4F7A0E9C0BFE00DD28FC /* libsaga_package_rpc.dylib */ = {isa = PBXFileReference; lastKnownFileType = "compiled.mach-o.dylib"; name = libsaga_package_rpc.dylib; path = "/usr/local/saga-1.0/lib/libsaga_package_rpc.dylib"; sourceTree = "<absolute>"; };
		7BBD4F7B0E9C0BFE00DD28FC /* libsaga_package_stream.dylib */ = {isa = PBXFileReference; lastKnownFileType = "compiled.mach-o.dylib"; name = libsaga_package_stream.dylib; path = "/usr/local/saga-1.0/lib/libsaga_package_stream.dylib"; sourceTree = "<absolute>"; };
		7BE456400ED9F0C4007A441F /* libboost_filesystem-mt-1_35.dylib */ = {isa = PBXFileReference; lastKnownFileType = "compiled.mach-o.dylib"; name = "libboost_filesystem-mt-1_35.dylib"; path = "/usr/local/lib/libboost_filesystem-mt-1_35.dylib"; sourceTree = "<absolute>"; };
		7BE456410ED9F0C4007A441F /* libboost_system-mt-1_35.dylib */ = {isa = PBXFileReference; lastKnownFileType = "compiled.mach-o.dylib"; name = "libboost_system-mt-1_35.dylib"; path = "/usr/local/lib/libboost_system-mt-1_35.dylib"; sourceTree = "<absolute>"; };
		7BE456D60ED9FE5C007A441F /* test_app */ = {isa = PBXFileReference; explicitFileType = "compiled.mach-o.executable"; includeInIndex = 0; path = test_app; sourceTree = BUILT_PRODUCTS_DIR; };
		7BED2ED60EE46E9E0014862C /* Info.plist */ = {isa = PBXFileReference; fileEncoding = 4; lastKnownFileType = text.plist.xml; path = Info.plist; sourceTree = "<group>"; };
		7BED2ED80EE46E9E0014862C /* docSet.dsidx */ = {isa = PBXFileReference; lastKnownFileType = file; path = docSet.dsidx; sourceTree = "<group>"; };
		7BED2ED90EE46E9E0014862C /* docSet.skidx */ = {isa = PBXFileReference; lastKnownFileType = file; path = docSet.skidx; sourceTree = "<group>"; };
		7BED2EDB0EE46E9E0014862C /* annotated.html */ = {isa = PBXFileReference; fileEncoding = 4; lastKnownFileType = text.html.documentation; path = annotated.html; sourceTree = "<group>"; };
		7BED2EDC0EE46E9E0014862C /* classes.html */ = {isa = PBXFileReference; fileEncoding = 4; lastKnownFileType = text.html.documentation; path = classes.html; sourceTree = "<group>"; };
		7BED2EDD0EE46E9E0014862C /* classfaust_1_1detail_1_1logwriter-members.html */ = {isa = PBXFileReference; fileEncoding = 4; lastKnownFileType = text.html.documentation; path = "classfaust_1_1detail_1_1logwriter-members.html"; sourceTree = "<group>"; };
		7BED2EDE0EE46E9E0014862C /* classfaust_1_1detail_1_1logwriter.html */ = {isa = PBXFileReference; fileEncoding = 4; lastKnownFileType = text.html.documentation; path = classfaust_1_1detail_1_1logwriter.html; sourceTree = "<group>"; };
		7BED2EDF0EE46E9E0014862C /* classfaust_1_1impl_1_1manyjobs_1_1job__group__impl-members.html */ = {isa = PBXFileReference; fileEncoding = 4; lastKnownFileType = text.html.documentation; path = "classfaust_1_1impl_1_1manyjobs_1_1job__group__impl-members.html"; sourceTree = "<group>"; };
		7BED2EE00EE46E9E0014862C /* classfaust_1_1impl_1_1manyjobs_1_1job__group__impl.html */ = {isa = PBXFileReference; fileEncoding = 4; lastKnownFileType = text.html.documentation; path = classfaust_1_1impl_1_1manyjobs_1_1job__group__impl.html; sourceTree = "<group>"; };
		7BED2EE10EE46E9E0014862C /* classfaust_1_1impl_1_1manyjobs_1_1job__group__impl.png */ = {isa = PBXFileReference; lastKnownFileType = image.png; path = classfaust_1_1impl_1_1manyjobs_1_1job__group__impl.png; sourceTree = "<group>"; };
		7BED2EE20EE46E9E0014862C /* classfaust_1_1impl_1_1manyjobs_1_1job__impl-members.html */ = {isa = PBXFileReference; fileEncoding = 4; lastKnownFileType = text.html.documentation; path = "classfaust_1_1impl_1_1manyjobs_1_1job__impl-members.html"; sourceTree = "<group>"; };
		7BED2EE30EE46E9E0014862C /* classfaust_1_1impl_1_1manyjobs_1_1job__impl.html */ = {isa = PBXFileReference; fileEncoding = 4; lastKnownFileType = text.html.documentation; path = classfaust_1_1impl_1_1manyjobs_1_1job__impl.html; sourceTree = "<group>"; };
		7BED2EE40EE46E9E0014862C /* classfaust_1_1impl_1_1manyjobs_1_1job__impl.png */ = {isa = PBXFileReference; lastKnownFileType = image.png; path = classfaust_1_1impl_1_1manyjobs_1_1job__impl.png; sourceTree = "<group>"; };
		7BED2EE50EE46E9E0014862C /* classfaust_1_1impl_1_1manyjobs_1_1service__impl-members.html */ = {isa = PBXFileReference; fileEncoding = 4; lastKnownFileType = text.html.documentation; path = "classfaust_1_1impl_1_1manyjobs_1_1service__impl-members.html"; sourceTree = "<group>"; };
		7BED2EE60EE46E9E0014862C /* classfaust_1_1impl_1_1manyjobs_1_1service__impl.html */ = {isa = PBXFileReference; fileEncoding = 4; lastKnownFileType = text.html.documentation; path = classfaust_1_1impl_1_1manyjobs_1_1service__impl.html; sourceTree = "<group>"; };
		7BED2EE70EE46E9E0014862C /* classfaust_1_1impl_1_1manyjobs_1_1service__impl.png */ = {isa = PBXFileReference; lastKnownFileType = image.png; path = classfaust_1_1impl_1_1manyjobs_1_1service__impl.png; sourceTree = "<group>"; };
		7BED2EE80EE46E9E0014862C /* classfaust_1_1manyjobs_1_1description-members.html */ = {isa = PBXFileReference; fileEncoding = 4; lastKnownFileType = text.html.documentation; path = "classfaust_1_1manyjobs_1_1description-members.html"; sourceTree = "<group>"; };
		7BED2EE90EE46E9E0014862C /* classfaust_1_1manyjobs_1_1description.html */ = {isa = PBXFileReference; fileEncoding = 4; lastKnownFileType = text.html.documentation; path = classfaust_1_1manyjobs_1_1description.html; sourceTree = "<group>"; };
		7BED2EEA0EE46E9E0014862C /* classfaust_1_1manyjobs_1_1description.png */ = {isa = PBXFileReference; lastKnownFileType = image.png; path = classfaust_1_1manyjobs_1_1description.png; sourceTree = "<group>"; };
		7BED2EEB0EE46E9E0014862C /* classfaust_1_1manyjobs_1_1job-members.html */ = {isa = PBXFileReference; fileEncoding = 4; lastKnownFileType = text.html.documentation; path = "classfaust_1_1manyjobs_1_1job-members.html"; sourceTree = "<group>"; };
		7BED2EEC0EE46E9E0014862C /* classfaust_1_1manyjobs_1_1job.html */ = {isa = PBXFileReference; fileEncoding = 4; lastKnownFileType = text.html.documentation; path = classfaust_1_1manyjobs_1_1job.html; sourceTree = "<group>"; };
		7BED2EED0EE46E9E0014862C /* classfaust_1_1manyjobs_1_1job.png */ = {isa = PBXFileReference; lastKnownFileType = image.png; path = classfaust_1_1manyjobs_1_1job.png; sourceTree = "<group>"; };
		7BED2EEE0EE46E9E0014862C /* classfaust_1_1manyjobs_1_1job__group-members.html */ = {isa = PBXFileReference; fileEncoding = 4; lastKnownFileType = text.html.documentation; path = "classfaust_1_1manyjobs_1_1job__group-members.html"; sourceTree = "<group>"; };
		7BED2EEF0EE46E9E0014862C /* classfaust_1_1manyjobs_1_1job__group.html */ = {isa = PBXFileReference; fileEncoding = 4; lastKnownFileType = text.html.documentation; path = classfaust_1_1manyjobs_1_1job__group.html; sourceTree = "<group>"; };
		7BED2EF00EE46E9E0014862C /* classfaust_1_1manyjobs_1_1job__group.png */ = {isa = PBXFileReference; lastKnownFileType = image.png; path = classfaust_1_1manyjobs_1_1job__group.png; sourceTree = "<group>"; };
		7BED2EF10EE46E9E0014862C /* classfaust_1_1manyjobs_1_1service-members.html */ = {isa = PBXFileReference; fileEncoding = 4; lastKnownFileType = text.html.documentation; path = "classfaust_1_1manyjobs_1_1service-members.html"; sourceTree = "<group>"; };
		7BED2EF20EE46E9E0014862C /* classfaust_1_1manyjobs_1_1service.html */ = {isa = PBXFileReference; fileEncoding = 4; lastKnownFileType = text.html.documentation; path = classfaust_1_1manyjobs_1_1service.html; sourceTree = "<group>"; };
		7BED2EF30EE46E9E0014862C /* classfaust_1_1manyjobs_1_1service.png */ = {isa = PBXFileReference; lastKnownFileType = image.png; path = classfaust_1_1manyjobs_1_1service.png; sourceTree = "<group>"; };
		7BED2EF40EE46E9E0014862C /* classsaga_1_1object.html */ = {isa = PBXFileReference; fileEncoding = 4; lastKnownFileType = text.html.documentation; path = classsaga_1_1object.html; sourceTree = "<group>"; };
		7BED2EF50EE46E9E0014862C /* classsaga_1_1object.png */ = {isa = PBXFileReference; lastKnownFileType = image.png; path = classsaga_1_1object.png; sourceTree = "<group>"; };
		7BED2EF60EE46E9E0014862C /* defines_8hpp-source.html */ = {isa = PBXFileReference; fileEncoding = 4; lastKnownFileType = text.html.documentation; path = "defines_8hpp-source.html"; sourceTree = "<group>"; };
		7BED2EF70EE46E9E0014862C /* defines_8hpp.html */ = {isa = PBXFileReference; fileEncoding = 4; lastKnownFileType = text.html.documentation; path = defines_8hpp.html; sourceTree = "<group>"; };
		7BED2EF80EE46E9E0014862C /* description_8cpp.html */ = {isa = PBXFileReference; fileEncoding = 4; lastKnownFileType = text.html.documentation; path = description_8cpp.html; sourceTree = "<group>"; };
		7BED2EF90EE46E9E0014862C /* description_8hpp-source.html */ = {isa = PBXFileReference; fileEncoding = 4; lastKnownFileType = text.html.documentation; path = "description_8hpp-source.html"; sourceTree = "<group>"; };
		7BED2EFA0EE46E9E0014862C /* description_8hpp.html */ = {isa = PBXFileReference; fileEncoding = 4; lastKnownFileType = text.html.documentation; path = description_8hpp.html; sourceTree = "<group>"; };
		7BED2EFB0EE46E9E0014862C /* doxygen.css */ = {isa = PBXFileReference; fileEncoding = 4; lastKnownFileType = text.css; path = doxygen.css; sourceTree = "<group>"; };
		7BED2EFC0EE46E9E0014862C /* doxygen.png */ = {isa = PBXFileReference; lastKnownFileType = image.png; path = doxygen.png; sourceTree = "<group>"; };
		7BED2EFD0EE46E9E0014862C /* edu_8lsu_8cct_8faust_8docset_2_contents_2_resources_2_documents_2search_8php.html */ = {isa = PBXFileReference; fileEncoding = 4; lastKnownFileType = text.html.documentation; path = edu_8lsu_8cct_8faust_8docset_2_contents_2_resources_2_documents_2search_8php.html; sourceTree = "<group>"; };
		7BED2EFE0EE46E9E0014862C /* exception_8hpp-source.html */ = {isa = PBXFileReference; fileEncoding = 4; lastKnownFileType = text.html.documentation; path = "exception_8hpp-source.html"; sourceTree = "<group>"; };
		7BED2EFF0EE46E9E0014862C /* exception_8hpp.html */ = {isa = PBXFileReference; fileEncoding = 4; lastKnownFileType = text.html.documentation; path = exception_8hpp.html; sourceTree = "<group>"; };
		7BED2F000EE46E9E0014862C /* exports_8hpp-source.html */ = {isa = PBXFileReference; fileEncoding = 4; lastKnownFileType = text.html.documentation; path = "exports_8hpp-source.html"; sourceTree = "<group>"; };
		7BED2F010EE46E9E0014862C /* exports_8hpp.html */ = {isa = PBXFileReference; fileEncoding = 4; lastKnownFileType = text.html.documentation; path = exports_8hpp.html; sourceTree = "<group>"; };
		7BED2F020EE46E9E0014862C /* faust_8hpp-source.html */ = {isa = PBXFileReference; fileEncoding = 4; lastKnownFileType = text.html.documentation; path = "faust_8hpp-source.html"; sourceTree = "<group>"; };
		7BED2F030EE46E9E0014862C /* faust_8hpp.html */ = {isa = PBXFileReference; fileEncoding = 4; lastKnownFileType = text.html.documentation; path = faust_8hpp.html; sourceTree = "<group>"; };
		7BED2F040EE46E9E0014862C /* files.html */ = {isa = PBXFileReference; fileEncoding = 4; lastKnownFileType = text.html.documentation; path = files.html; sourceTree = "<group>"; };
		7BED2F050EE46E9E0014862C /* ftv2blank.png */ = {isa = PBXFileReference; lastKnownFileType = image.png; path = ftv2blank.png; sourceTree = "<group>"; };
		7BED2F060EE46E9E0014862C /* ftv2doc.png */ = {isa = PBXFileReference; lastKnownFileType = image.png; path = ftv2doc.png; sourceTree = "<group>"; };
		7BED2F070EE46E9E0014862C /* ftv2folderclosed.png */ = {isa = PBXFileReference; lastKnownFileType = image.png; path = ftv2folderclosed.png; sourceTree = "<group>"; };
		7BED2F080EE46E9E0014862C /* ftv2folderopen.png */ = {isa = PBXFileReference; lastKnownFileType = image.png; path = ftv2folderopen.png; sourceTree = "<group>"; };
		7BED2F090EE46E9E0014862C /* ftv2lastnode.png */ = {isa = PBXFileReference; lastKnownFileType = image.png; path = ftv2lastnode.png; sourceTree = "<group>"; };
		7BED2F0A0EE46E9E0014862C /* ftv2link.png */ = {isa = PBXFileReference; lastKnownFileType = image.png; path = ftv2link.png; sourceTree = "<group>"; };
		7BED2F0B0EE46E9E0014862C /* ftv2mlastnode.png */ = {isa = PBXFileReference; lastKnownFileType = image.png; path = ftv2mlastnode.png; sourceTree = "<group>"; };
		7BED2F0C0EE46E9E0014862C /* ftv2mnode.png */ = {isa = PBXFileReference; lastKnownFileType = image.png; path = ftv2mnode.png; sourceTree = "<group>"; };
		7BED2F0D0EE46E9E0014862C /* ftv2node.png */ = {isa = PBXFileReference; lastKnownFileType = image.png; path = ftv2node.png; sourceTree = "<group>"; };
		7BED2F0E0EE46E9E0014862C /* ftv2plastnode.png */ = {isa = PBXFileReference; lastKnownFileType = image.png; path = ftv2plastnode.png; sourceTree = "<group>"; };
		7BED2F0F0EE46E9E0014862C /* ftv2pnode.png */ = {isa = PBXFileReference; lastKnownFileType = image.png; path = ftv2pnode.png; sourceTree = "<group>"; };
		7BED2F100EE46E9E0014862C /* ftv2vertline.png */ = {isa = PBXFileReference; lastKnownFileType = image.png; path = ftv2vertline.png; sourceTree = "<group>"; };
		7BED2F110EE46E9E0014862C /* functions.html */ = {isa = PBXFileReference; fileEncoding = 4; lastKnownFileType = text.html.documentation; path = functions.html; sourceTree = "<group>"; };
		7BED2F120EE46E9E0014862C /* functions_func.html */ = {isa = PBXFileReference; fileEncoding = 4; lastKnownFileType = text.html.documentation; path = functions_func.html; sourceTree = "<group>"; };
		7BED2F130EE46E9E0014862C /* functions_vars.html */ = {isa = PBXFileReference; fileEncoding = 4; lastKnownFileType = text.html.documentation; path = functions_vars.html; sourceTree = "<group>"; };
		7BED2F140EE46E9E0014862C /* globals.html */ = {isa = PBXFileReference; fileEncoding = 4; lastKnownFileType = text.html.documentation; path = globals.html; sourceTree = "<group>"; };
		7BED2F150EE46E9E0014862C /* globals_defs.html */ = {isa = PBXFileReference; fileEncoding = 4; lastKnownFileType = text.html.documentation; path = globals_defs.html; sourceTree = "<group>"; };
		7BED2F160EE46E9E0014862C /* globals_func.html */ = {isa = PBXFileReference; fileEncoding = 4; lastKnownFileType = text.html.documentation; path = globals_func.html; sourceTree = "<group>"; };
		7BED2F170EE46E9E0014862C /* graph_legend.dot */ = {isa = PBXFileReference; fileEncoding = 4; lastKnownFileType = text; path = graph_legend.dot; sourceTree = "<group>"; };
		7BED2F180EE46E9E0014862C /* graph_legend.html */ = {isa = PBXFileReference; fileEncoding = 4; lastKnownFileType = text.html.documentation; path = graph_legend.html; sourceTree = "<group>"; };
		7BED2F190EE46E9E0014862C /* graph_legend.png */ = {isa = PBXFileReference; lastKnownFileType = image.png; path = graph_legend.png; sourceTree = "<group>"; };
		7BED2F1A0EE46E9E0014862C /* hierarchy.html */ = {isa = PBXFileReference; fileEncoding = 4; lastKnownFileType = text.html.documentation; path = hierarchy.html; sourceTree = "<group>"; };
		7BED2F1B0EE46E9E0014862C /* index.html */ = {isa = PBXFileReference; fileEncoding = 4; lastKnownFileType = text.html.documentation; path = index.html; sourceTree = "<group>"; };
		7BED2F1C0EE46E9E0014862C /* installdox */ = {isa = PBXFileReference; fileEncoding = 4; lastKnownFileType = text.script.perl; path = installdox; sourceTree = "<group>"; };
		7BED2F1D0EE46E9E0014862C /* job_8cpp.html */ = {isa = PBXFileReference; fileEncoding = 4; lastKnownFileType = text.html.documentation; path = job_8cpp.html; sourceTree = "<group>"; };
		7BED2F1E0EE46E9E0014862C /* job_8hpp-source.html */ = {isa = PBXFileReference; fileEncoding = 4; lastKnownFileType = text.html.documentation; path = "job_8hpp-source.html"; sourceTree = "<group>"; };
		7BED2F1F0EE46E9E0014862C /* job_8hpp.html */ = {isa = PBXFileReference; fileEncoding = 4; lastKnownFileType = text.html.documentation; path = job_8hpp.html; sourceTree = "<group>"; };
		7BED2F200EE46E9E0014862C /* job__group_8cpp.html */ = {isa = PBXFileReference; fileEncoding = 4; lastKnownFileType = text.html.documentation; path = job__group_8cpp.html; sourceTree = "<group>"; };
		7BED2F210EE46E9E0014862C /* job__group_8hpp-source.html */ = {isa = PBXFileReference; fileEncoding = 4; lastKnownFileType = text.html.documentation; path = "job__group_8hpp-source.html"; sourceTree = "<group>"; };
		7BED2F220EE46E9E0014862C /* job__group_8hpp.html */ = {isa = PBXFileReference; fileEncoding = 4; lastKnownFileType = text.html.documentation; path = job__group_8hpp.html; sourceTree = "<group>"; };
		7BED2F230EE46E9E0014862C /* job__group__impl_8cpp.html */ = {isa = PBXFileReference; fileEncoding = 4; lastKnownFileType = text.html.documentation; path = job__group__impl_8cpp.html; sourceTree = "<group>"; };
		7BED2F240EE46E9E0014862C /* job__group__impl_8hpp-source.html */ = {isa = PBXFileReference; fileEncoding = 4; lastKnownFileType = text.html.documentation; path = "job__group__impl_8hpp-source.html"; sourceTree = "<group>"; };
		7BED2F250EE46E9E0014862C /* job__group__impl_8hpp.html */ = {isa = PBXFileReference; fileEncoding = 4; lastKnownFileType = text.html.documentation; path = job__group__impl_8hpp.html; sourceTree = "<group>"; };
		7BED2F260EE46E9E0014862C /* job__impl_8cpp.html */ = {isa = PBXFileReference; fileEncoding = 4; lastKnownFileType = text.html.documentation; path = job__impl_8cpp.html; sourceTree = "<group>"; };
		7BED2F270EE46E9E0014862C /* job__impl_8hpp-source.html */ = {isa = PBXFileReference; fileEncoding = 4; lastKnownFileType = text.html.documentation; path = "job__impl_8hpp-source.html"; sourceTree = "<group>"; };
		7BED2F280EE46E9E0014862C /* job__impl_8hpp.html */ = {isa = PBXFileReference; fileEncoding = 4; lastKnownFileType = text.html.documentation; path = job__impl_8hpp.html; sourceTree = "<group>"; };
		7BED2F290EE46E9E0014862C /* logwriter_8cpp.html */ = {isa = PBXFileReference; fileEncoding = 4; lastKnownFileType = text.html.documentation; path = logwriter_8cpp.html; sourceTree = "<group>"; };
		7BED2F2A0EE46E9E0014862C /* logwriter_8hpp-source.html */ = {isa = PBXFileReference; fileEncoding = 4; lastKnownFileType = text.html.documentation; path = "logwriter_8hpp-source.html"; sourceTree = "<group>"; };
		7BED2F2B0EE46E9E0014862C /* logwriter_8hpp.html */ = {isa = PBXFileReference; fileEncoding = 4; lastKnownFileType = text.html.documentation; path = logwriter_8hpp.html; sourceTree = "<group>"; };
		7BED2F2C0EE46E9E0014862C /* main.html */ = {isa = PBXFileReference; fileEncoding = 4; lastKnownFileType = text.html.documentation; path = main.html; sourceTree = "<group>"; };
		7BED2F2D0EE46E9E0014862C /* main_8cpp.html */ = {isa = PBXFileReference; fileEncoding = 4; lastKnownFileType = text.html.documentation; path = main_8cpp.html; sourceTree = "<group>"; };
		7BED2F2E0EE46E9E0014862C /* mainpage_8h-source.html */ = {isa = PBXFileReference; fileEncoding = 4; lastKnownFileType = text.html.documentation; path = "mainpage_8h-source.html"; sourceTree = "<group>"; };
		7BED2F2F0EE46E9E0014862C /* mainpage_8h.html */ = {isa = PBXFileReference; fileEncoding = 4; lastKnownFileType = text.html.documentation; path = mainpage_8h.html; sourceTree = "<group>"; };
		7BED2F300EE46E9E0014862C /* manyjobs_8hpp-source.html */ = {isa = PBXFileReference; fileEncoding = 4; lastKnownFileType = text.html.documentation; path = "manyjobs_8hpp-source.html"; sourceTree = "<group>"; };
		7BED2F310EE46E9E0014862C /* manyjobs_8hpp.html */ = {isa = PBXFileReference; fileEncoding = 4; lastKnownFileType = text.html.documentation; path = manyjobs_8hpp.html; sourceTree = "<group>"; };
		7BED2F320EE46E9E0014862C /* murnau_faust.jpg */ = {isa = PBXFileReference; lastKnownFileType = image.jpeg; path = murnau_faust.jpg; sourceTree = "<group>"; };
		7BED2F330EE46E9E0014862C /* namespacefaust.html */ = {isa = PBXFileReference; fileEncoding = 4; lastKnownFileType = text.html.documentation; path = namespacefaust.html; sourceTree = "<group>"; };
		7BED2F340EE46E9E0014862C /* namespacefaust_1_1detail.html */ = {isa = PBXFileReference; fileEncoding = 4; lastKnownFileType = text.html.documentation; path = namespacefaust_1_1detail.html; sourceTree = "<group>"; };
		7BED2F350EE46E9E0014862C /* namespacefaust_1_1impl.html */ = {isa = PBXFileReference; fileEncoding = 4; lastKnownFileType = text.html.documentation; path = namespacefaust_1_1impl.html; sourceTree = "<group>"; };
		7BED2F360EE46E9E0014862C /* namespacefaust_1_1impl_1_1manyjobs.html */ = {isa = PBXFileReference; fileEncoding = 4; lastKnownFileType = text.html.documentation; path = namespacefaust_1_1impl_1_1manyjobs.html; sourceTree = "<group>"; };
		7BED2F370EE46E9E0014862C /* namespacefaust_1_1manyjobs.html */ = {isa = PBXFileReference; fileEncoding = 4; lastKnownFileType = text.html.documentation; path = namespacefaust_1_1manyjobs.html; sourceTree = "<group>"; };
		7BED2F380EE46E9E0014862C /* namespacemembers.html */ = {isa = PBXFileReference; fileEncoding = 4; lastKnownFileType = text.html.documentation; path = namespacemembers.html; sourceTree = "<group>"; };
		7BED2F390EE46E9E0014862C /* namespacemembers_enum.html */ = {isa = PBXFileReference; fileEncoding = 4; lastKnownFileType = text.html.documentation; path = namespacemembers_enum.html; sourceTree = "<group>"; };
		7BED2F3A0EE46E9E0014862C /* namespacemembers_eval.html */ = {isa = PBXFileReference; fileEncoding = 4; lastKnownFileType = text.html.documentation; path = namespacemembers_eval.html; sourceTree = "<group>"; };
		7BED2F3B0EE46E9E0014862C /* namespacemembers_func.html */ = {isa = PBXFileReference; fileEncoding = 4; lastKnownFileType = text.html.documentation; path = namespacemembers_func.html; sourceTree = "<group>"; };
		7BED2F3C0EE46E9E0014862C /* namespacemembers_type.html */ = {isa = PBXFileReference; fileEncoding = 4; lastKnownFileType = text.html.documentation; path = namespacemembers_type.html; sourceTree = "<group>"; };
		7BED2F3D0EE46E9E0014862C /* namespaces.html */ = {isa = PBXFileReference; fileEncoding = 4; lastKnownFileType = text.html.documentation; path = namespaces.html; sourceTree = "<group>"; };
		7BED2F3E0EE46E9E0014862C /* resource_8hpp-source.html */ = {isa = PBXFileReference; fileEncoding = 4; lastKnownFileType = text.html.documentation; path = "resource_8hpp-source.html"; sourceTree = "<group>"; };
		7BED2F3F0EE46E9E0014862C /* resource_8hpp.html */ = {isa = PBXFileReference; fileEncoding = 4; lastKnownFileType = text.html.documentation; path = resource_8hpp.html; sourceTree = "<group>"; };
		7BED2F400EE46E9E0014862C /* search.idx */ = {isa = PBXFileReference; lastKnownFileType = file; path = search.idx; sourceTree = "<group>"; };
		7BED2F410EE46E9E0014862C /* search.php */ = {isa = PBXFileReference; fileEncoding = 4; lastKnownFileType = text.script.php; path = search.php; sourceTree = "<group>"; };
		7BED2F420EE46E9E0014862C /* search_8php.html */ = {isa = PBXFileReference; fileEncoding = 4; lastKnownFileType = text.html.documentation; path = search_8php.html; sourceTree = "<group>"; };
		7BED2F430EE46E9E0014862C /* service_8cpp.html */ = {isa = PBXFileReference; fileEncoding = 4; lastKnownFileType = text.html.documentation; path = service_8cpp.html; sourceTree = "<group>"; };
		7BED2F440EE46E9E0014862C /* service_8hpp-source.html */ = {isa = PBXFileReference; fileEncoding = 4; lastKnownFileType = text.html.documentation; path = "service_8hpp-source.html"; sourceTree = "<group>"; };
		7BED2F450EE46E9E0014862C /* service_8hpp.html */ = {isa = PBXFileReference; fileEncoding = 4; lastKnownFileType = text.html.documentation; path = service_8hpp.html; sourceTree = "<group>"; };
		7BED2F460EE46E9E0014862C /* service__impl_8cpp.html */ = {isa = PBXFileReference; fileEncoding = 4; lastKnownFileType = text.html.documentation; path = service__impl_8cpp.html; sourceTree = "<group>"; };
		7BED2F470EE46E9E0014862C /* service__impl_8hpp-source.html */ = {isa = PBXFileReference; fileEncoding = 4; lastKnownFileType = text.html.documentation; path = "service__impl_8hpp-source.html"; sourceTree = "<group>"; };
		7BED2F480EE46E9E0014862C /* service__impl_8hpp.html */ = {isa = PBXFileReference; fileEncoding = 4; lastKnownFileType = text.html.documentation; path = service__impl_8hpp.html; sourceTree = "<group>"; };
		7BED2F490EE46E9E0014862C /* state_8hpp-source.html */ = {isa = PBXFileReference; fileEncoding = 4; lastKnownFileType = text.html.documentation; path = "state_8hpp-source.html"; sourceTree = "<group>"; };
		7BED2F4A0EE46E9E0014862C /* state_8hpp.html */ = {isa = PBXFileReference; fileEncoding = 4; lastKnownFileType = text.html.documentation; path = state_8hpp.html; sourceTree = "<group>"; };
		7BED2F4B0EE46E9E0014862C /* structfaust_1_1manyjobs_1_1resource-members.html */ = {isa = PBXFileReference; fileEncoding = 4; lastKnownFileType = text.html.documentation; path = "structfaust_1_1manyjobs_1_1resource-members.html"; sourceTree = "<group>"; };
		7BED2F4C0EE46E9E0014862C /* structfaust_1_1manyjobs_1_1resource.html */ = {isa = PBXFileReference; fileEncoding = 4; lastKnownFileType = text.html.documentation; path = structfaust_1_1manyjobs_1_1resource.html; sourceTree = "<group>"; };
		7BED2F4D0EE46E9E0014862C /* tab_b.gif */ = {isa = PBXFileReference; lastKnownFileType = image.gif; path = tab_b.gif; sourceTree = "<group>"; };
		7BED2F4E0EE46E9E0014862C /* tab_l.gif */ = {isa = PBXFileReference; lastKnownFileType = image.gif; path = tab_l.gif; sourceTree = "<group>"; };
		7BED2F4F0EE46E9E0014862C /* tab_r.gif */ = {isa = PBXFileReference; lastKnownFileType = image.gif; path = tab_r.gif; sourceTree = "<group>"; };
		7BED2F500EE46E9E0014862C /* tabs.css */ = {isa = PBXFileReference; fileEncoding = 4; lastKnownFileType = text.css; path = tabs.css; sourceTree = "<group>"; };
		7BED2F510EE46E9E0014862C /* tree.html */ = {isa = PBXFileReference; fileEncoding = 4; lastKnownFileType = text.html.documentation; path = tree.html; sourceTree = "<group>"; };
		7BED2F520EE46E9E0014862C /* version_8cpp.html */ = {isa = PBXFileReference; fileEncoding = 4; lastKnownFileType = text.html.documentation; path = version_8cpp.html; sourceTree = "<group>"; };
		7BED2F530EE46E9E0014862C /* version_8hpp-source.html */ = {isa = PBXFileReference; fileEncoding = 4; lastKnownFileType = text.html.documentation; path = "version_8hpp-source.html"; sourceTree = "<group>"; };
		7BED2F540EE46E9E0014862C /* version_8hpp.html */ = {isa = PBXFileReference; fileEncoding = 4; lastKnownFileType = text.html.documentation; path = version_8hpp.html; sourceTree = "<group>"; };
/* End PBXFileReference section */

/* Begin PBXFrameworksBuildPhase section */
		7BB4D6B50ED8D94100BEAF7D /* Frameworks */ = {
			isa = PBXFrameworksBuildPhase;
			buildActionMask = 2147483647;
			files = (
				7BE457DB0EDA03BD007A441F /* libsaga_package_job.dylib in Frameworks */,
				7BB4D7810ED8E03700BEAF7D /* libsaga_engine.dylib in Frameworks */,
				7BE456420ED9F0C4007A441F /* libboost_filesystem-mt-1_35.dylib in Frameworks */,
				7BE456430ED9F0C4007A441F /* libboost_system-mt-1_35.dylib in Frameworks */,
			);
			runOnlyForDeploymentPostprocessing = 0;
		};
		7BE456D40ED9FE5C007A441F /* Frameworks */ = {
			isa = PBXFrameworksBuildPhase;
			buildActionMask = 2147483647;
			files = (
				7B735BAA0EE4A977004180FE /* libsaga_package_job.dylib in Frameworks */,
				7BE456DF0ED9FEB0007A441F /* libsaga_engine.dylib in Frameworks */,
				7BE456DD0ED9FE99007A441F /* libfaust.dylib in Frameworks */,
			);
			runOnlyForDeploymentPostprocessing = 0;
		};
/* End PBXFrameworksBuildPhase section */

/* Begin PBXGroup section */
		08FB7794FE84155DC02AAC07 /* GridNPB-SAGA */ = {
			isa = PBXGroup;
			children = (
				08FB7795FE84155DC02AAC07 /* Sources */,
				C6859E8C029090F304C91782 /* Documentation */,
				7BBD4F280E9C0B2900DD28FC /* External Libraries */,
				1AB674ADFE9D54B511CA2CBB /* Products */,
				7BB4D72E0ED8DDC000BEAF7D /* main.cpp */,
			);
			name = "GridNPB-SAGA";
			sourceTree = "<group>";
		};
		08FB7795FE84155DC02AAC07 /* Sources */ = {
			isa = PBXGroup;
			children = (
				7BB4D6710ED8CF8400BEAF7D /* faust.hpp */,
				7B9750B80EE3573E004B4C3C /* impl */,
				7BB4D6AD0ED8D7A400BEAF7D /* faust */,
			);
			name = Sources;
			path = faust;
			sourceTree = "<group>";
		};
		1AB674ADFE9D54B511CA2CBB /* Products */ = {
			isa = PBXGroup;
			children = (
				7BB4D6B70ED8D94100BEAF7D /* libfaust.dylib */,
				7BE456D60ED9FE5C007A441F /* test_app */,
			);
			name = Products;
			sourceTree = "<group>";
		};
		7B9750B80EE3573E004B4C3C /* impl */ = {
			isa = PBXGroup;
			children = (
				7BB7384F0EEDAEFE00931970 /* job_group_impl.cpp */,
				7BB738500EEDAEFE00931970 /* job_group_impl.hpp */,
				7BB738510EEDAEFE00931970 /* job_impl.cpp */,
				7BB738520EEDAEFE00931970 /* job_impl.hpp */,
				7BB738530EEDAEFE00931970 /* service_impl.cpp */,
				7BB738540EEDAEFE00931970 /* service_impl.hpp */,
				7B6E5A930EE372F300FD0939 /* logwriter.cpp */,
				7B6E5A940EE372F300FD0939 /* logwriter.hpp */,
				7B7E4A630EF01BC100E7E3AE /* job_dag.hpp */,
				7B7E4A640EF01BC100E7E3AE /* job_dag.cpp */,
			);
			path = impl;
			sourceTree = "<group>";
		};
		7BB4D6AD0ED8D7A400BEAF7D /* faust */ = {
			isa = PBXGroup;
			children = (
				7BB7385B0EEDAF0F00931970 /* description.cpp */,
				7BB7385C0EEDAF0F00931970 /* description.hpp */,
				7BB7385D0EEDAF0F00931970 /* job.cpp */,
				7BB7385E0EEDAF0F00931970 /* job.hpp */,
				7BB7385F0EEDAF0F00931970 /* job_group.cpp */,
				7BB738600EEDAF0F00931970 /* job_group.hpp */,
				7BB738610EEDAF0F00931970 /* resource.hpp */,
				7BB738620EEDAF0F00931970 /* service.cpp */,
				7BB738630EEDAF0F00931970 /* service.hpp */,
				7BB738640EEDAF0F00931970 /* state.hpp */,
				7B7E49EE0EF00F0E00E7E3AE /* dependency.hpp */,
				7BB4D6B00ED8D8BE00BEAF7D /* defines.hpp */,
				7BB4D6B10ED8D8BE00BEAF7D /* version.hpp */,
				7BB4D6AE0ED8D7A400BEAF7D /* version.cpp */,
				7BB4D6EE0ED8DA7900BEAF7D /* exports.hpp */,
				7B0A23B90EDC3DF1008307E1 /* exception.hpp */,
			);
			path = faust;
			sourceTree = "<group>";
		};
		7BBD4F280E9C0B2900DD28FC /* External Libraries */ = {
			isa = PBXGroup;
			children = (
				7BBD4F740E9C0BFE00DD28FC /* libsaga_engine.dylib */,
				7BBD4F750E9C0BFE00DD28FC /* libsaga_package_advert.dylib */,
				7BBD4F760E9C0BFE00DD28FC /* libsaga_package_file.dylib */,
				7BBD4F770E9C0BFE00DD28FC /* libsaga_package_job.dylib */,
				7BBD4F780E9C0BFE00DD28FC /* libsaga_package_namespace.dylib */,
				7BBD4F790E9C0BFE00DD28FC /* libsaga_package_replica.dylib */,
				7BBD4F7A0E9C0BFE00DD28FC /* libsaga_package_rpc.dylib */,
				7BBD4F7B0E9C0BFE00DD28FC /* libsaga_package_stream.dylib */,
				7BE456400ED9F0C4007A441F /* libboost_filesystem-mt-1_35.dylib */,
				7BE456410ED9F0C4007A441F /* libboost_system-mt-1_35.dylib */,
				7BBD4F2A0E9C0B5900DD28FC /* libboost_date_time-mt-1_35.dylib */,
				7BBD4F2B0E9C0B5900DD28FC /* libboost_program_options-mt-1_35.dylib */,
			);
			name = "External Libraries";
			sourceTree = "<group>";
		};
		7BED2ED40EE46E9E0014862C /* edu.lsu.cct.faust.docset */ = {
			isa = PBXGroup;
			children = (
				7BED2ED50EE46E9E0014862C /* Contents */,
			);
			name = edu.lsu.cct.faust.docset;
			path = docs/apidoc/edu.lsu.cct.faust.docset;
			sourceTree = "<group>";
		};
		7BED2ED50EE46E9E0014862C /* Contents */ = {
			isa = PBXGroup;
			children = (
				7BED2ED60EE46E9E0014862C /* Info.plist */,
				7BED2ED70EE46E9E0014862C /* Resources */,
			);
			path = Contents;
			sourceTree = "<group>";
		};
		7BED2ED70EE46E9E0014862C /* Resources */ = {
			isa = PBXGroup;
			children = (
				7BED2ED80EE46E9E0014862C /* docSet.dsidx */,
				7BED2ED90EE46E9E0014862C /* docSet.skidx */,
				7BED2EDA0EE46E9E0014862C /* Documents */,
			);
			path = Resources;
			sourceTree = "<group>";
		};
		7BED2EDA0EE46E9E0014862C /* Documents */ = {
			isa = PBXGroup;
			children = (
				7BED2EDB0EE46E9E0014862C /* annotated.html */,
				7BED2EDC0EE46E9E0014862C /* classes.html */,
				7BED2EDD0EE46E9E0014862C /* classfaust_1_1detail_1_1logwriter-members.html */,
				7BED2EDE0EE46E9E0014862C /* classfaust_1_1detail_1_1logwriter.html */,
				7BED2EDF0EE46E9E0014862C /* classfaust_1_1impl_1_1manyjobs_1_1job__group__impl-members.html */,
				7BED2EE00EE46E9E0014862C /* classfaust_1_1impl_1_1manyjobs_1_1job__group__impl.html */,
				7BED2EE10EE46E9E0014862C /* classfaust_1_1impl_1_1manyjobs_1_1job__group__impl.png */,
				7BED2EE20EE46E9E0014862C /* classfaust_1_1impl_1_1manyjobs_1_1job__impl-members.html */,
				7BED2EE30EE46E9E0014862C /* classfaust_1_1impl_1_1manyjobs_1_1job__impl.html */,
				7BED2EE40EE46E9E0014862C /* classfaust_1_1impl_1_1manyjobs_1_1job__impl.png */,
				7BED2EE50EE46E9E0014862C /* classfaust_1_1impl_1_1manyjobs_1_1service__impl-members.html */,
				7BED2EE60EE46E9E0014862C /* classfaust_1_1impl_1_1manyjobs_1_1service__impl.html */,
				7BED2EE70EE46E9E0014862C /* classfaust_1_1impl_1_1manyjobs_1_1service__impl.png */,
				7BED2EE80EE46E9E0014862C /* classfaust_1_1manyjobs_1_1description-members.html */,
				7BED2EE90EE46E9E0014862C /* classfaust_1_1manyjobs_1_1description.html */,
				7BED2EEA0EE46E9E0014862C /* classfaust_1_1manyjobs_1_1description.png */,
				7BED2EEB0EE46E9E0014862C /* classfaust_1_1manyjobs_1_1job-members.html */,
				7BED2EEC0EE46E9E0014862C /* classfaust_1_1manyjobs_1_1job.html */,
				7BED2EED0EE46E9E0014862C /* classfaust_1_1manyjobs_1_1job.png */,
				7BED2EEE0EE46E9E0014862C /* classfaust_1_1manyjobs_1_1job__group-members.html */,
				7BED2EEF0EE46E9E0014862C /* classfaust_1_1manyjobs_1_1job__group.html */,
				7BED2EF00EE46E9E0014862C /* classfaust_1_1manyjobs_1_1job__group.png */,
				7BED2EF10EE46E9E0014862C /* classfaust_1_1manyjobs_1_1service-members.html */,
				7BED2EF20EE46E9E0014862C /* classfaust_1_1manyjobs_1_1service.html */,
				7BED2EF30EE46E9E0014862C /* classfaust_1_1manyjobs_1_1service.png */,
				7BED2EF40EE46E9E0014862C /* classsaga_1_1object.html */,
				7BED2EF50EE46E9E0014862C /* classsaga_1_1object.png */,
				7BED2EF60EE46E9E0014862C /* defines_8hpp-source.html */,
				7BED2EF70EE46E9E0014862C /* defines_8hpp.html */,
				7BED2EF80EE46E9E0014862C /* description_8cpp.html */,
				7BED2EF90EE46E9E0014862C /* description_8hpp-source.html */,
				7BED2EFA0EE46E9E0014862C /* description_8hpp.html */,
				7BED2EFB0EE46E9E0014862C /* doxygen.css */,
				7BED2EFC0EE46E9E0014862C /* doxygen.png */,
				7BED2EFD0EE46E9E0014862C /* edu_8lsu_8cct_8faust_8docset_2_contents_2_resources_2_documents_2search_8php.html */,
				7BED2EFE0EE46E9E0014862C /* exception_8hpp-source.html */,
				7BED2EFF0EE46E9E0014862C /* exception_8hpp.html */,
				7BED2F000EE46E9E0014862C /* exports_8hpp-source.html */,
				7BED2F010EE46E9E0014862C /* exports_8hpp.html */,
				7BED2F020EE46E9E0014862C /* faust_8hpp-source.html */,
				7BED2F030EE46E9E0014862C /* faust_8hpp.html */,
				7BED2F040EE46E9E0014862C /* files.html */,
				7BED2F050EE46E9E0014862C /* ftv2blank.png */,
				7BED2F060EE46E9E0014862C /* ftv2doc.png */,
				7BED2F070EE46E9E0014862C /* ftv2folderclosed.png */,
				7BED2F080EE46E9E0014862C /* ftv2folderopen.png */,
				7BED2F090EE46E9E0014862C /* ftv2lastnode.png */,
				7BED2F0A0EE46E9E0014862C /* ftv2link.png */,
				7BED2F0B0EE46E9E0014862C /* ftv2mlastnode.png */,
				7BED2F0C0EE46E9E0014862C /* ftv2mnode.png */,
				7BED2F0D0EE46E9E0014862C /* ftv2node.png */,
				7BED2F0E0EE46E9E0014862C /* ftv2plastnode.png */,
				7BED2F0F0EE46E9E0014862C /* ftv2pnode.png */,
				7BED2F100EE46E9E0014862C /* ftv2vertline.png */,
				7BED2F110EE46E9E0014862C /* functions.html */,
				7BED2F120EE46E9E0014862C /* functions_func.html */,
				7BED2F130EE46E9E0014862C /* functions_vars.html */,
				7BED2F140EE46E9E0014862C /* globals.html */,
				7BED2F150EE46E9E0014862C /* globals_defs.html */,
				7BED2F160EE46E9E0014862C /* globals_func.html */,
				7BED2F170EE46E9E0014862C /* graph_legend.dot */,
				7BED2F180EE46E9E0014862C /* graph_legend.html */,
				7BED2F190EE46E9E0014862C /* graph_legend.png */,
				7BED2F1A0EE46E9E0014862C /* hierarchy.html */,
				7BED2F1B0EE46E9E0014862C /* index.html */,
				7BED2F1C0EE46E9E0014862C /* installdox */,
				7BED2F1D0EE46E9E0014862C /* job_8cpp.html */,
				7BED2F1E0EE46E9E0014862C /* job_8hpp-source.html */,
				7BED2F1F0EE46E9E0014862C /* job_8hpp.html */,
				7BED2F200EE46E9E0014862C /* job__group_8cpp.html */,
				7BED2F210EE46E9E0014862C /* job__group_8hpp-source.html */,
				7BED2F220EE46E9E0014862C /* job__group_8hpp.html */,
				7BED2F230EE46E9E0014862C /* job__group__impl_8cpp.html */,
				7BED2F240EE46E9E0014862C /* job__group__impl_8hpp-source.html */,
				7BED2F250EE46E9E0014862C /* job__group__impl_8hpp.html */,
				7BED2F260EE46E9E0014862C /* job__impl_8cpp.html */,
				7BED2F270EE46E9E0014862C /* job__impl_8hpp-source.html */,
				7BED2F280EE46E9E0014862C /* job__impl_8hpp.html */,
				7BED2F290EE46E9E0014862C /* logwriter_8cpp.html */,
				7BED2F2A0EE46E9E0014862C /* logwriter_8hpp-source.html */,
				7BED2F2B0EE46E9E0014862C /* logwriter_8hpp.html */,
				7BED2F2C0EE46E9E0014862C /* main.html */,
				7BED2F2D0EE46E9E0014862C /* main_8cpp.html */,
				7BED2F2E0EE46E9E0014862C /* mainpage_8h-source.html */,
				7BED2F2F0EE46E9E0014862C /* mainpage_8h.html */,
				7BED2F300EE46E9E0014862C /* manyjobs_8hpp-source.html */,
				7BED2F310EE46E9E0014862C /* manyjobs_8hpp.html */,
				7BED2F320EE46E9E0014862C /* murnau_faust.jpg */,
				7BED2F330EE46E9E0014862C /* namespacefaust.html */,
				7BED2F340EE46E9E0014862C /* namespacefaust_1_1detail.html */,
				7BED2F350EE46E9E0014862C /* namespacefaust_1_1impl.html */,
				7BED2F360EE46E9E0014862C /* namespacefaust_1_1impl_1_1manyjobs.html */,
				7BED2F370EE46E9E0014862C /* namespacefaust_1_1manyjobs.html */,
				7BED2F380EE46E9E0014862C /* namespacemembers.html */,
				7BED2F390EE46E9E0014862C /* namespacemembers_enum.html */,
				7BED2F3A0EE46E9E0014862C /* namespacemembers_eval.html */,
				7BED2F3B0EE46E9E0014862C /* namespacemembers_func.html */,
				7BED2F3C0EE46E9E0014862C /* namespacemembers_type.html */,
				7BED2F3D0EE46E9E0014862C /* namespaces.html */,
				7BED2F3E0EE46E9E0014862C /* resource_8hpp-source.html */,
				7BED2F3F0EE46E9E0014862C /* resource_8hpp.html */,
				7BED2F400EE46E9E0014862C /* search.idx */,
				7BED2F410EE46E9E0014862C /* search.php */,
				7BED2F420EE46E9E0014862C /* search_8php.html */,
				7BED2F430EE46E9E0014862C /* service_8cpp.html */,
				7BED2F440EE46E9E0014862C /* service_8hpp-source.html */,
				7BED2F450EE46E9E0014862C /* service_8hpp.html */,
				7BED2F460EE46E9E0014862C /* service__impl_8cpp.html */,
				7BED2F470EE46E9E0014862C /* service__impl_8hpp-source.html */,
				7BED2F480EE46E9E0014862C /* service__impl_8hpp.html */,
				7BED2F490EE46E9E0014862C /* state_8hpp-source.html */,
				7BED2F4A0EE46E9E0014862C /* state_8hpp.html */,
				7BED2F4B0EE46E9E0014862C /* structfaust_1_1manyjobs_1_1resource-members.html */,
				7BED2F4C0EE46E9E0014862C /* structfaust_1_1manyjobs_1_1resource.html */,
				7BED2F4D0EE46E9E0014862C /* tab_b.gif */,
				7BED2F4E0EE46E9E0014862C /* tab_l.gif */,
				7BED2F4F0EE46E9E0014862C /* tab_r.gif */,
				7BED2F500EE46E9E0014862C /* tabs.css */,
				7BED2F510EE46E9E0014862C /* tree.html */,
				7BED2F520EE46E9E0014862C /* version_8cpp.html */,
				7BED2F530EE46E9E0014862C /* version_8hpp-source.html */,
				7BED2F540EE46E9E0014862C /* version_8hpp.html */,
			);
			path = Documents;
			sourceTree = "<group>";
		};
		C6859E8C029090F304C91782 /* Documentation */ = {
			isa = PBXGroup;
			children = (
				7BED2ED40EE46E9E0014862C /* edu.lsu.cct.faust.docset */,
			);
			name = Documentation;
			sourceTree = "<group>";
		};
/* End PBXGroup section */

/* Begin PBXHeadersBuildPhase section */
		7BB4D6B30ED8D94100BEAF7D /* Headers */ = {
			isa = PBXHeadersBuildPhase;
			buildActionMask = 2147483647;
			files = (
				7BB4D70E0ED8DBD700BEAF7D /* faust.hpp in Headers */,
				7BB4D6EF0ED8DA7900BEAF7D /* exports.hpp in Headers */,
				7B0A23BA0EDC3DF1008307E1 /* exception.hpp in Headers */,
				7B6E5A960EE372F300FD0939 /* logwriter.hpp in Headers */,
				7BB738560EEDAEFE00931970 /* job_group_impl.hpp in Headers */,
				7BB738580EEDAEFE00931970 /* job_impl.hpp in Headers */,
				7BB7385A0EEDAEFE00931970 /* service_impl.hpp in Headers */,
				7BB738660EEDAF0F00931970 /* description.hpp in Headers */,
				7BB738680EEDAF0F00931970 /* job.hpp in Headers */,
				7BB7386A0EEDAF0F00931970 /* job_group.hpp in Headers */,
				7BB7386B0EEDAF0F00931970 /* resource.hpp in Headers */,
				7BB7386D0EEDAF0F00931970 /* service.hpp in Headers */,
				7BB7386E0EEDAF0F00931970 /* state.hpp in Headers */,
				7B7E49EF0EF00F0E00E7E3AE /* dependency.hpp in Headers */,
				7B7E4A650EF01BC100E7E3AE /* job_dag.hpp in Headers */,
			);
			runOnlyForDeploymentPostprocessing = 0;
		};
/* End PBXHeadersBuildPhase section */

/* Begin PBXNativeTarget section */
		7BB4D6B60ED8D94100BEAF7D /* libfaust */ = {
			isa = PBXNativeTarget;
			buildConfigurationList = 7BB4D6BA0ED8D96C00BEAF7D /* Build configuration list for PBXNativeTarget "libfaust" */;
			buildPhases = (
				7BB4D6B30ED8D94100BEAF7D /* Headers */,
				7BB4D6B40ED8D94100BEAF7D /* Sources */,
				7BB4D6B50ED8D94100BEAF7D /* Frameworks */,
				7B90487D0EE451A60080756C /* Generate Docs */,
			);
			buildRules = (
			);
			dependencies = (
			);
			name = libfaust;
			productName = libfaust;
			productReference = 7BB4D6B70ED8D94100BEAF7D /* libfaust.dylib */;
			productType = "com.apple.product-type.library.dynamic";
		};
		7BE456D50ED9FE5C007A441F /* test */ = {
			isa = PBXNativeTarget;
			buildConfigurationList = 7BE457000ED9FECF007A441F /* Build configuration list for PBXNativeTarget "test" */;
			buildPhases = (
				7BE456D30ED9FE5C007A441F /* Sources */,
				7BE456D40ED9FE5C007A441F /* Frameworks */,
			);
			buildRules = (
			);
			dependencies = (
				7BE456DC0ED9FE8E007A441F /* PBXTargetDependency */,
			);
			name = test;
			productName = test_app;
			productReference = 7BE456D60ED9FE5C007A441F /* test_app */;
			productType = "com.apple.product-type.tool";
		};
/* End PBXNativeTarget section */

/* Begin PBXProject section */
		08FB7793FE84155DC02AAC07 /* Project object */ = {
			isa = PBXProject;
			attributes = {
				BuildIndependentTargetsInParallel = YES;
			};
			buildConfigurationList = 1DEB923508733DC60010E9CD /* Build configuration list for PBXProject "FAUST" */;
			compatibilityVersion = "Xcode 3.1";
			hasScannedForEncodings = 1;
			mainGroup = 08FB7794FE84155DC02AAC07 /* GridNPB-SAGA */;
			projectDirPath = "";
			projectRoot = "";
			targets = (
				7BB4D6B60ED8D94100BEAF7D /* libfaust */,
				7BE456D50ED9FE5C007A441F /* test */,
			);
		};
/* End PBXProject section */

/* Begin PBXShellScriptBuildPhase section */
		7B90487D0EE451A60080756C /* Generate Docs */ = {
			isa = PBXShellScriptBuildPhase;
			buildActionMask = 2147483647;
			files = (
			);
			inputPaths = (
			);
			name = "Generate Docs";
			outputPaths = (
			);
			runOnlyForDeploymentPostprocessing = 0;
			shellPath = /bin/sh;
			shellScript = "#  Build the doxygen documentation for the project and load the docset into Xcode.\n\n#  Use the following to adjust the value of the $DOXYGEN_PATH User-Defined Setting:\n#    Binary install location: /Applications/Doxygen.app/Contents/Resources/doxygen\n#    Source build install location: /usr/local/bin/doxygen\n\n#  If the config file doesn't exist, run 'doxygen -g $SOURCE_ROOT/docs/apidoc/Doxyfile' to \n#   a get default file.\n\nif ! [ -f $SOURCE_ROOT/docs/apidoc/Doxyfile ] \nthen \n  echo doxygen config file does not exist\n  $DOXYGEN_PATH -g $SOURCE_ROOT/docs/apidoc/Doxyfile\nfi\n\n#  Append the proper input/output directories and docset info to the config file.\n#  This works even though values are assigned higher up in the file. Easier than sed.\n\ncp $SOURCE_ROOT/docs/apidoc/Doxyfile $TEMP_DIR/doxygen.config\ncp $SOURCE_ROOT/docs/apidoc/doxygen.css $TEMP_DIR/doxygen.css\n\necho \"INPUT = $SOURCE_ROOT\" >> $TEMP_DIR/doxygen.config\necho \"OUTPUT_DIRECTORY       = $TMP_DIR/FAUSTXCode.docset\" >> $TEMP_DIR/doxygen.config\necho \"GENERATE_DOCSET        = YES\" >> $TEMP_DIR/doxygen.config\necho \"DOCSET_BUNDLE_ID       = edu.lsu.cct.faust\" >> $TEMP_DIR/doxygen.config\n\n#  Run doxygen on the updated config file.\n#  Note: doxygen creates a Makefile that does most of the heavy lifting.\n\n$DOXYGEN_PATH $TEMP_DIR/doxygen.config\n\n#  copy the images\ncp $SOURCE_ROOT/docs/apidoc/html/murnau_faust.jpg $TMP_DIR/FAUSTXCode.docset/html\ncp $SOURCE_ROOT/docs/apidoc/doxygen.css $TMP_DIR/FAUSTXCode.docset/html\n\n\n#  make will invoke docsetutil. Take a look at the Makefile to see how this is done.\n\nmake -C $TMP_DIR/FAUSTXCode.docset/html install\n\n#  Construct a temporary applescript file to tell Xcode to load a docset.\n\nrm -f $TEMP_DIR/loadDocSet.scpt\n\necho \"tell application \\\"Xcode\\\"\" >> $TEMP_DIR/loadDocSet.scpt\necho \"load documentation set with path \\\"/Users/$USER/Library/Developer/Shared/Documentation/DocSets/\\\"\" \n     >> $TEMP_DIR/loadDocSet.scpt\necho \"end tell\" >> $TEMP_DIR/loadDocSet.scpt\n\n#  Run the load-docset applescript command.\n\nosascript $TEMP_DIR/loadDocSet.scpt\n\n# copy it back to the docs directory\ncp -r /Users/$USER/Library/Developer/Shared/Documentation/DocSets/edu.lsu.cct.faust.docset $SOURCE_ROOT/docs/apidoc/\n\nexit 0";
		};
/* End PBXShellScriptBuildPhase section */

/* Begin PBXSourcesBuildPhase section */
		7BB4D6B40ED8D94100BEAF7D /* Sources */ = {
			isa = PBXSourcesBuildPhase;
			buildActionMask = 2147483647;
			files = (
				7BB4D6BC0ED8D99100BEAF7D /* version.cpp in Sources */,
				7B6E5A950EE372F300FD0939 /* logwriter.cpp in Sources */,
				7BB738550EEDAEFE00931970 /* job_group_impl.cpp in Sources */,
				7BB738570EEDAEFE00931970 /* job_impl.cpp in Sources */,
				7BB738590EEDAEFE00931970 /* service_impl.cpp in Sources */,
				7BB738650EEDAF0F00931970 /* description.cpp in Sources */,
				7BB738670EEDAF0F00931970 /* job.cpp in Sources */,
				7BB738690EEDAF0F00931970 /* job_group.cpp in Sources */,
				7BB7386C0EEDAF0F00931970 /* service.cpp in Sources */,
				7B7E4A660EF01BC100E7E3AE /* job_dag.cpp in Sources */,
			);
			runOnlyForDeploymentPostprocessing = 0;
		};
		7BE456D30ED9FE5C007A441F /* Sources */ = {
			isa = PBXSourcesBuildPhase;
			buildActionMask = 2147483647;
			files = (
				7BE456DA0ED9FE6C007A441F /* main.cpp in Sources */,
			);
			runOnlyForDeploymentPostprocessing = 0;
		};
/* End PBXSourcesBuildPhase section */

/* Begin PBXTargetDependency section */
		7BE456DC0ED9FE8E007A441F /* PBXTargetDependency */ = {
			isa = PBXTargetDependency;
			target = 7BB4D6B60ED8D94100BEAF7D /* libfaust */;
			targetProxy = 7BE456DB0ED9FE8E007A441F /* PBXContainerItemProxy */;
		};
/* End PBXTargetDependency section */

/* Begin XCBuildConfiguration section */
		1DEB923608733DC60010E9CD /* Debug */ = {
			isa = XCBuildConfiguration;
			buildSettings = {
				ARCHS = "$(ARCHS_STANDARD_32_BIT)";
				FRAMEWORK_SEARCH_PATHS = "";
				GCC_C_LANGUAGE_STANDARD = c99;
				GCC_OPTIMIZATION_LEVEL = 0;
				GCC_WARN_ABOUT_RETURN_TYPE = YES;
				GCC_WARN_UNUSED_VARIABLE = YES;
				HEADER_SEARCH_PATHS = (
					.,
					"/usr/local/include/boost-1_35/",
					"/usr/local/saga-1.0/include/",
				);
				ONLY_ACTIVE_ARCH = YES;
				PREBINDING = NO;
				SDKROOT = macosx10.5;
			};
			name = Debug;
		};
		1DEB923708733DC60010E9CD /* Release */ = {
			isa = XCBuildConfiguration;
			buildSettings = {
				ARCHS = "$(ARCHS_STANDARD_32_BIT)";
				GCC_C_LANGUAGE_STANDARD = c99;
				GCC_WARN_ABOUT_RETURN_TYPE = YES;
				GCC_WARN_UNUSED_VARIABLE = YES;
				HEADER_SEARCH_PATHS = (
					.,
					"/usr/local/include/boost-1_35/",
					"/usr/local/saga-1.0/include/",
				);
				PREBINDING = NO;
				SDKROOT = macosx10.5;
			};
			name = Release;
		};
		7BB4D6B80ED8D94100BEAF7D /* Debug */ = {
			isa = XCBuildConfiguration;
			buildSettings = {
				ALWAYS_SEARCH_USER_PATHS = NO;
				ARCHS = "$(ARCHS_STANDARD_32_64_BIT)";
				COPY_PHASE_STRIP = NO;
				DOXYGEN_PATH = /usr/local/bin/doxygen;
				EXECUTABLE_PREFIX = lib;
				GCC_DYNAMIC_NO_PIC = NO;
				GCC_ENABLE_FIX_AND_CONTINUE = YES;
				GCC_MODEL_TUNING = G5;
				GCC_OPTIMIZATION_LEVEL = 0;
				INSTALL_PATH = /usr/local/lib;
				LIBRARY_SEARCH_PATHS = (
					"$(inherited)",
					"\"/usr/local/saga-1.0/lib\"",
				);
				PREBINDING = NO;
				PRODUCT_NAME = faust;
			};
			name = Debug;
		};
		7BB4D6B90ED8D94100BEAF7D /* Release */ = {
			isa = XCBuildConfiguration;
			buildSettings = {
				ALWAYS_SEARCH_USER_PATHS = NO;
				ARCHS = "$(ARCHS_STANDARD_32_64_BIT)";
				COPY_PHASE_STRIP = YES;
				DEBUG_INFORMATION_FORMAT = "dwarf-with-dsym";
				DOXYGEN_PATH = /usr/local/bin/doxygen;
				EXECUTABLE_PREFIX = lib;
				GCC_ENABLE_FIX_AND_CONTINUE = NO;
				GCC_MODEL_TUNING = G5;
				INSTALL_PATH = /usr/local/lib;
				LIBRARY_SEARCH_PATHS = (
					"$(inherited)",
					"\"/usr/local/saga-1.0/lib\"",
				);
				PREBINDING = NO;
				PRODUCT_NAME = faust;
				ZERO_LINK = NO;
			};
			name = Release;
		};
		7BE456D80ED9FE5C007A441F /* Debug */ = {
			isa = XCBuildConfiguration;
			buildSettings = {
				ALWAYS_SEARCH_USER_PATHS = NO;
				COPY_PHASE_STRIP = NO;
				GCC_DYNAMIC_NO_PIC = NO;
				GCC_ENABLE_FIX_AND_CONTINUE = YES;
				GCC_MODEL_TUNING = G5;
				GCC_OPTIMIZATION_LEVEL = 0;
				INSTALL_PATH = /usr/local/bin;
				LIBRARY_SEARCH_PATHS = (
					"$(inherited)",
					"\"/usr/local/saga-1.0/lib\"",
				);
				PREBINDING = NO;
				PRODUCT_NAME = test_app;
			};
			name = Debug;
		};
		7BE456D90ED9FE5C007A441F /* Release */ = {
			isa = XCBuildConfiguration;
			buildSettings = {
				ALWAYS_SEARCH_USER_PATHS = NO;
				COPY_PHASE_STRIP = YES;
				DEBUG_INFORMATION_FORMAT = "dwarf-with-dsym";
				GCC_ENABLE_FIX_AND_CONTINUE = NO;
				GCC_MODEL_TUNING = G5;
				INSTALL_PATH = /usr/local/bin;
				LIBRARY_SEARCH_PATHS = (
					"$(inherited)",
					"\"/usr/local/saga-1.0/lib\"",
				);
				PREBINDING = NO;
				PRODUCT_NAME = test_app;
				ZERO_LINK = NO;
			};
			name = Release;
		};
/* End XCBuildConfiguration section */

/* Begin XCConfigurationList section */
		1DEB923508733DC60010E9CD /* Build configuration list for PBXProject "FAUST" */ = {
			isa = XCConfigurationList;
			buildConfigurations = (
				1DEB923608733DC60010E9CD /* Debug */,
				1DEB923708733DC60010E9CD /* Release */,
			);
			defaultConfigurationIsVisible = 0;
			defaultConfigurationName = Release;
		};
		7BB4D6BA0ED8D96C00BEAF7D /* Build configuration list for PBXNativeTarget "libfaust" */ = {
			isa = XCConfigurationList;
			buildConfigurations = (
				7BB4D6B80ED8D94100BEAF7D /* Debug */,
				7BB4D6B90ED8D94100BEAF7D /* Release */,
			);
			defaultConfigurationIsVisible = 0;
			defaultConfigurationName = Release;
		};
		7BE457000ED9FECF007A441F /* Build configuration list for PBXNativeTarget "test" */ = {
			isa = XCConfigurationList;
			buildConfigurations = (
				7BE456D80ED9FE5C007A441F /* Debug */,
				7BE456D90ED9FE5C007A441F /* Release */,
			);
			defaultConfigurationIsVisible = 0;
			defaultConfigurationName = Release;
		};
/* End XCConfigurationList section */
	};
	rootObject = 08FB7793FE84155DC02AAC07 /* Project object */;
}
