// !$*UTF8*$!
{
	archiveVersion = 1;
	classes = {
	};
	objectVersion = 44;
	objects = {

/* Begin PBXAggregateTarget section */
		7B9AD5370CC164E0004285D8 /* ALL */ = {
			isa = PBXAggregateTarget;
			buildConfigurationList = 7B9AD53D0CC16513004285D8 /* Build configuration list for PBXAggregateTarget "ALL" */;
			buildPhases = (
			);
			dependencies = (
				7B9AD53B0CC164EA004285D8 /* PBXTargetDependency */,
			);
			name = ALL;
			productName = task_farming;
		};
/* End PBXAggregateTarget section */

/* Begin PBXBuildFile section */
		7BCFA67A0E9C051E0012DCBB /* libsaga_engine.dylib in Frameworks */ = {isa = PBXBuildFile; fileRef = 7BCFA6550E9C04A00012DCBB /* libsaga_engine.dylib */; };
		7BCFA67B0E9C051E0012DCBB /* libsaga_package_namespace.dylib in Frameworks */ = {isa = PBXBuildFile; fileRef = 7BCFA6570E9C04A00012DCBB /* libsaga_package_namespace.dylib */; };
		7BCFA67C0E9C051E0012DCBB /* libsaga_package_file.dylib in Frameworks */ = {isa = PBXBuildFile; fileRef = 7BCFA6590E9C04A00012DCBB /* libsaga_package_file.dylib */; };
		7BCFA67D0E9C051E0012DCBB /* libsaga_package_advert.dylib in Frameworks */ = {isa = PBXBuildFile; fileRef = 7BCFA65B0E9C04A00012DCBB /* libsaga_package_advert.dylib */; };
		7BCFA67E0E9C051E0012DCBB /* libsaga_package_job.dylib in Frameworks */ = {isa = PBXBuildFile; fileRef = 7BCFA65F0E9C04A00012DCBB /* libsaga_package_job.dylib */; };
		7BEEA7ED0CD9797E00990559 /* libboost_program_options-mt-1_35.dylib in Frameworks */ = {isa = PBXBuildFile; fileRef = 7BEEA7EC0CD9797E00990559 /* libboost_program_options-mt-1_35.dylib */; };
/* End PBXBuildFile section */

/* Begin PBXContainerItemProxy section */
		7B9AD53A0CC164EA004285D8 /* PBXContainerItemProxy */ = {
			isa = PBXContainerItemProxy;
			containerPortal = 08FB7793FE84155DC02AAC07 /* Project object */;
			proxyType = 1;
			remoteGlobalIDString = 8DD76F620486A84900D96B5E;
			remoteInfo = tf_agent;
		};
		7BCFA6540E9C04A00012DCBB /* PBXContainerItemProxy */ = {
			isa = PBXContainerItemProxy;
			containerPortal = 7B5488050CBBED3A00756E9F /* saga_engine.xcodeproj */;
			proxyType = 2;
			remoteGlobalIDString = 7B5AFDDC0B9973DF00F9AF14 /* libsaga_engine.dylib */;
			remoteInfo = saga_engine;
		};
		7BCFA6560E9C04A00012DCBB /* PBXContainerItemProxy */ = {
			isa = PBXContainerItemProxy;
			containerPortal = 7B5488050CBBED3A00756E9F /* saga_engine.xcodeproj */;
			proxyType = 2;
			remoteGlobalIDString = 7B5AFE1F0B99759300F9AF14 /* libsaga_package_namespace.dylib */;
			remoteInfo = saga_package_namespace;
		};
		7BCFA6580E9C04A00012DCBB /* PBXContainerItemProxy */ = {
			isa = PBXContainerItemProxy;
			containerPortal = 7B5488050CBBED3A00756E9F /* saga_engine.xcodeproj */;
			proxyType = 2;
			remoteGlobalIDString = 7B5AFDDD0B9973DF00F9AF14 /* libsaga_package_file.dylib */;
			remoteInfo = saga_package_file;
		};
		7BCFA65A0E9C04A00012DCBB /* PBXContainerItemProxy */ = {
			isa = PBXContainerItemProxy;
			containerPortal = 7B5488050CBBED3A00756E9F /* saga_engine.xcodeproj */;
			proxyType = 2;
			remoteGlobalIDString = 7B5AFE590B99771C00F9AF14 /* libsaga_package_advert.dylib */;
			remoteInfo = saga_package_advert;
		};
		7BCFA65C0E9C04A00012DCBB /* PBXContainerItemProxy */ = {
			isa = PBXContainerItemProxy;
			containerPortal = 7B5488050CBBED3A00756E9F /* saga_engine.xcodeproj */;
			proxyType = 2;
			remoteGlobalIDString = 7B6DA62A0B9A206900168752 /* libsaga_package_replica.dylib */;
			remoteInfo = saga_package_replica;
		};
		7BCFA65E0E9C04A00012DCBB /* PBXContainerItemProxy */ = {
			isa = PBXContainerItemProxy;
			containerPortal = 7B5488050CBBED3A00756E9F /* saga_engine.xcodeproj */;
			proxyType = 2;
			remoteGlobalIDString = 7B5AFE820B9977EA00F9AF14 /* libsaga_package_job.dylib */;
			remoteInfo = saga_package_job;
		};
		7BCFA6600E9C04A00012DCBB /* PBXContainerItemProxy */ = {
			isa = PBXContainerItemProxy;
			containerPortal = 7B5488050CBBED3A00756E9F /* saga_engine.xcodeproj */;
			proxyType = 2;
			remoteGlobalIDString = 7B6DA6590B9A29A100168752 /* libsaga_package_rpc.dylib */;
			remoteInfo = saga_package_rpc;
		};
		7BCFA6620E9C04A00012DCBB /* PBXContainerItemProxy */ = {
			isa = PBXContainerItemProxy;
			containerPortal = 7B5488050CBBED3A00756E9F /* saga_engine.xcodeproj */;
			proxyType = 2;
			remoteGlobalIDString = 7B6DA67C0B9A2C8900168752 /* libsaga_package_stream.dylib */;
			remoteInfo = saga_package_stream;
		};
		7BCFA6640E9C04A00012DCBB /* PBXContainerItemProxy */ = {
			isa = PBXContainerItemProxy;
			containerPortal = 7B5488050CBBED3A00756E9F /* saga_engine.xcodeproj */;
			proxyType = 2;
			remoteGlobalIDString = 7B9BEA040D5A5000000DF7CB /* libsaga_package_sd.dylib */;
			remoteInfo = saga_package_sd;
		};
		7BCFA6660E9C04A00012DCBB /* PBXContainerItemProxy */ = {
			isa = PBXContainerItemProxy;
			containerPortal = 7B5488050CBBED3A00756E9F /* saga_engine.xcodeproj */;
			proxyType = 2;
			remoteGlobalIDString = 7BDCBCFF0E0E02D300113AAE /* liblibantlr.a */;
			remoteInfo = libantlr;
		};
		7BCFA6720E9C04FD0012DCBB /* PBXContainerItemProxy */ = {
			isa = PBXContainerItemProxy;
			containerPortal = 7B0156650CF12C7600A721AA /* saga_default_adaptors.xcodeproj */;
			proxyType = 2;
			remoteGlobalIDString = 7B03D43C0BE95441005A1619 /* libsaga_adaptor_default_file.dylib */;
			remoteInfo = libsaga_adaptor_default_file;
		};
		7BCFA6740E9C04FD0012DCBB /* PBXContainerItemProxy */ = {
			isa = PBXContainerItemProxy;
			containerPortal = 7B0156650CF12C7600A721AA /* saga_default_adaptors.xcodeproj */;
			proxyType = 2;
			remoteGlobalIDString = 7B03D4410BE9545F005A1619 /* libsaga_adaptor_default_job.dylib */;
			remoteInfo = libsaga_adaptor_default_job;
		};
		7BCFA6760E9C04FD0012DCBB /* PBXContainerItemProxy */ = {
			isa = PBXContainerItemProxy;
			containerPortal = 7B0156650CF12C7600A721AA /* saga_default_adaptors.xcodeproj */;
			proxyType = 2;
			remoteGlobalIDString = 7B2E509F0C7CCB050070F07B /* libsaga_adaptor_default_advert.dylib */;
			remoteInfo = libsaga_adaptor_default_advert;
		};
		7BCFA6780E9C04FD0012DCBB /* PBXContainerItemProxy */ = {
			isa = PBXContainerItemProxy;
			containerPortal = 7B0156650CF12C7600A721AA /* saga_default_adaptors.xcodeproj */;
			proxyType = 2;
			remoteGlobalIDString = 7B8758A60D633B9F004FC1D0 /* libsaga_adaptor_default_replica.dylib */;
			remoteInfo = libsaga_adaptor_default_replica;
		};
/* End PBXContainerItemProxy section */

/* Begin PBXCopyFilesBuildPhase section */
		8DD76F690486A84900D96B5E /* CopyFiles */ = {
			isa = PBXCopyFilesBuildPhase;
			buildActionMask = 8;
			dstPath = /usr/share/man/man1/;
			dstSubfolderSpec = 0;
			files = (
			);
			runOnlyForDeploymentPostprocessing = 1;
		};
/* End PBXCopyFilesBuildPhase section */

/* Begin PBXFileReference section */
		7B0156650CF12C7600A721AA /* saga_default_adaptors.xcodeproj */ = {isa = PBXFileReference; lastKnownFileType = "wrapper.pb-project"; name = saga_default_adaptors.xcodeproj; path = ../../../Code/trunk/adaptors/default/project/XCode/saga_default_adaptors.xcodeproj; sourceTree = SOURCE_ROOT; };
		7B5488050CBBED3A00756E9F /* saga_engine.xcodeproj */ = {isa = PBXFileReference; lastKnownFileType = "wrapper.pb-project"; name = saga_engine.xcodeproj; path = ../../../Code/trunk/project/XCode/saga_engine.xcodeproj; sourceTree = SOURCE_ROOT; };
		7B7AE4640CD27C8D009C137F /* saga_globus_adaptors.xcodeproj */ = {isa = PBXFileReference; lastKnownFileType = "wrapper.pb-project"; name = saga_globus_adaptors.xcodeproj; path = ../../../Code/trunk/adaptors/globus/project/XCode/saga_globus_adaptors.xcodeproj; sourceTree = SOURCE_ROOT; };
		7BEEA7EC0CD9797E00990559 /* libboost_program_options-mt-1_35.dylib */ = {isa = PBXFileReference; lastKnownFileType = "compiled.mach-o.dylib"; name = "libboost_program_options-mt-1_35.dylib"; path = "/usr/local/lib/libboost_program_options-mt-1_35.dylib"; sourceTree = "<absolute>"; };
		8DD76F6C0486A84900D96B5E /* GridNPB-SAGA */ = {isa = PBXFileReference; explicitFileType = "compiled.mach-o.executable"; includeInIndex = 0; path = "GridNPB-SAGA"; sourceTree = BUILT_PRODUCTS_DIR; };
/* End PBXFileReference section */

/* Begin PBXFrameworksBuildPhase section */
		8DD76F660486A84900D96B5E /* Frameworks */ = {
			isa = PBXFrameworksBuildPhase;
			buildActionMask = 2147483647;
			files = (
				7BCFA67A0E9C051E0012DCBB /* libsaga_engine.dylib in Frameworks */,
				7BCFA67B0E9C051E0012DCBB /* libsaga_package_namespace.dylib in Frameworks */,
				7BCFA67C0E9C051E0012DCBB /* libsaga_package_file.dylib in Frameworks */,
				7BCFA67D0E9C051E0012DCBB /* libsaga_package_advert.dylib in Frameworks */,
				7BCFA67E0E9C051E0012DCBB /* libsaga_package_job.dylib in Frameworks */,
				7BEEA7ED0CD9797E00990559 /* libboost_program_options-mt-1_35.dylib in Frameworks */,
			);
			runOnlyForDeploymentPostprocessing = 0;
		};
/* End PBXFrameworksBuildPhase section */

/* Begin PBXGroup section */
		08FB7794FE84155DC02AAC07 /* task_farming */ = {
			isa = PBXGroup;
			children = (
				08FB7795FE84155DC02AAC07 /* Source */,
				C6859E8C029090F304C91782 /* Documentation */,
				7B569D120CB4705C00E3FAAD /* External Dependencies */,
				1AB674ADFE9D54B511CA2CBB /* Products */,
			);
			name = task_farming;
			sourceTree = "<group>";
		};
		08FB7795FE84155DC02AAC07 /* Source */ = {
			isa = PBXGroup;
			children = (
			);
			name = Source;
			sourceTree = "<group>";
		};
		1AB674ADFE9D54B511CA2CBB /* Products */ = {
			isa = PBXGroup;
			children = (
				8DD76F6C0486A84900D96B5E /* GridNPB-SAGA */,
			);
			name = Products;
			sourceTree = "<group>";
		};
		7B569D120CB4705C00E3FAAD /* External Dependencies */ = {
			isa = PBXGroup;
			children = (
				7BEEA7EC0CD9797E00990559 /* libboost_program_options-mt-1_35.dylib */,
				7B0156650CF12C7600A721AA /* saga_default_adaptors.xcodeproj */,
				7B5488050CBBED3A00756E9F /* saga_engine.xcodeproj */,
				7B7AE4640CD27C8D009C137F /* saga_globus_adaptors.xcodeproj */,
			);
			name = "External Dependencies";
			sourceTree = "<group>";
		};
		7BCFA6450E9C04A00012DCBB /* Products */ = {
			isa = PBXGroup;
			children = (
				7BCFA6550E9C04A00012DCBB /* libsaga_engine.dylib */,
				7BCFA6570E9C04A00012DCBB /* libsaga_package_namespace.dylib */,
				7BCFA6590E9C04A00012DCBB /* libsaga_package_file.dylib */,
				7BCFA65B0E9C04A00012DCBB /* libsaga_package_advert.dylib */,
				7BCFA65D0E9C04A00012DCBB /* libsaga_package_replica.dylib */,
				7BCFA65F0E9C04A00012DCBB /* libsaga_package_job.dylib */,
				7BCFA6610E9C04A00012DCBB /* libsaga_package_rpc.dylib */,
				7BCFA6630E9C04A00012DCBB /* libsaga_package_stream.dylib */,
				7BCFA6650E9C04A00012DCBB /* libsaga_package_sd.dylib */,
				7BCFA6670E9C04A00012DCBB /* liblibantlr.a */,
			);
			name = Products;
			sourceTree = "<group>";
		};
		7BCFA6680E9C04B00012DCBB /* Products */ = {
			isa = PBXGroup;
			children = (
			);
			name = Products;
			sourceTree = "<group>";
		};
		7BCFA66A0E9C04FD0012DCBB /* Products */ = {
			isa = PBXGroup;
			children = (
				7BCFA6730E9C04FD0012DCBB /* libsaga_adaptor_default_file.dylib */,
				7BCFA6750E9C04FD0012DCBB /* libsaga_adaptor_default_job.dylib */,
				7BCFA6770E9C04FD0012DCBB /* libsaga_adaptor_default_advert.dylib */,
				7BCFA6790E9C04FD0012DCBB /* libsaga_adaptor_default_replica.dylib */,
			);
			name = Products;
			sourceTree = "<group>";
		};
		C6859E8C029090F304C91782 /* Documentation */ = {
			isa = PBXGroup;
			children = (
			);
			name = Documentation;
			sourceTree = "<group>";
		};
/* End PBXGroup section */

/* Begin PBXNativeTarget section */
		8DD76F620486A84900D96B5E /* GridNPB-SAGA */ = {
			isa = PBXNativeTarget;
			buildConfigurationList = 1DEB923108733DC60010E9CD /* Build configuration list for PBXNativeTarget "GridNPB-SAGA" */;
			buildPhases = (
				8DD76F640486A84900D96B5E /* Sources */,
				8DD76F660486A84900D96B5E /* Frameworks */,
				8DD76F690486A84900D96B5E /* CopyFiles */,
			);
			buildRules = (
			);
			dependencies = (
			);
			name = "GridNPB-SAGA";
			productInstallPath = "$(HOME)/bin";
			productName = task_farming;
			productReference = 8DD76F6C0486A84900D96B5E /* GridNPB-SAGA */;
			productType = "com.apple.product-type.tool";
		};
/* End PBXNativeTarget section */

/* Begin PBXProject section */
		08FB7793FE84155DC02AAC07 /* Project object */ = {
			isa = PBXProject;
			buildConfigurationList = 1DEB923508733DC60010E9CD /* Build configuration list for PBXProject "GridNPB-SAGA" */;
			compatibilityVersion = "Xcode 3.0";
			hasScannedForEncodings = 1;
			mainGroup = 08FB7794FE84155DC02AAC07 /* task_farming */;
			projectDirPath = "";
			projectReferences = (
				{
					ProductGroup = 7BCFA66A0E9C04FD0012DCBB /* Products */;
					ProjectRef = 7B0156650CF12C7600A721AA /* saga_default_adaptors.xcodeproj */;
				},
				{
					ProductGroup = 7BCFA6450E9C04A00012DCBB /* Products */;
					ProjectRef = 7B5488050CBBED3A00756E9F /* saga_engine.xcodeproj */;
				},
				{
					ProductGroup = 7BCFA6680E9C04B00012DCBB /* Products */;
					ProjectRef = 7B7AE4640CD27C8D009C137F /* saga_globus_adaptors.xcodeproj */;
				},
			);
			projectRoot = "";
			targets = (
				7B9AD5370CC164E0004285D8 /* ALL */,
				8DD76F620486A84900D96B5E /* GridNPB-SAGA */,
			);
		};
/* End PBXProject section */

/* Begin PBXReferenceProxy section */
		7BCFA6550E9C04A00012DCBB /* libsaga_engine.dylib */ = {
			isa = PBXReferenceProxy;
			fileType = "compiled.mach-o.dylib";
			path = libsaga_engine.dylib;
			remoteRef = 7BCFA6540E9C04A00012DCBB /* PBXContainerItemProxy */;
			sourceTree = BUILT_PRODUCTS_DIR;
		};
		7BCFA6570E9C04A00012DCBB /* libsaga_package_namespace.dylib */ = {
			isa = PBXReferenceProxy;
			fileType = "compiled.mach-o.dylib";
			path = libsaga_package_namespace.dylib;
			remoteRef = 7BCFA6560E9C04A00012DCBB /* PBXContainerItemProxy */;
			sourceTree = BUILT_PRODUCTS_DIR;
		};
		7BCFA6590E9C04A00012DCBB /* libsaga_package_file.dylib */ = {
			isa = PBXReferenceProxy;
			fileType = "compiled.mach-o.dylib";
			path = libsaga_package_file.dylib;
			remoteRef = 7BCFA6580E9C04A00012DCBB /* PBXContainerItemProxy */;
			sourceTree = BUILT_PRODUCTS_DIR;
		};
		7BCFA65B0E9C04A00012DCBB /* libsaga_package_advert.dylib */ = {
			isa = PBXReferenceProxy;
			fileType = "compiled.mach-o.dylib";
			path = libsaga_package_advert.dylib;
			remoteRef = 7BCFA65A0E9C04A00012DCBB /* PBXContainerItemProxy */;
			sourceTree = BUILT_PRODUCTS_DIR;
		};
		7BCFA65D0E9C04A00012DCBB /* libsaga_package_replica.dylib */ = {
			isa = PBXReferenceProxy;
			fileType = "compiled.mach-o.dylib";
			path = libsaga_package_replica.dylib;
			remoteRef = 7BCFA65C0E9C04A00012DCBB /* PBXContainerItemProxy */;
			sourceTree = BUILT_PRODUCTS_DIR;
		};
		7BCFA65F0E9C04A00012DCBB /* libsaga_package_job.dylib */ = {
			isa = PBXReferenceProxy;
			fileType = "compiled.mach-o.dylib";
			path = libsaga_package_job.dylib;
			remoteRef = 7BCFA65E0E9C04A00012DCBB /* PBXContainerItemProxy */;
			sourceTree = BUILT_PRODUCTS_DIR;
		};
		7BCFA6610E9C04A00012DCBB /* libsaga_package_rpc.dylib */ = {
			isa = PBXReferenceProxy;
			fileType = "compiled.mach-o.dylib";
			path = libsaga_package_rpc.dylib;
			remoteRef = 7BCFA6600E9C04A00012DCBB /* PBXContainerItemProxy */;
			sourceTree = BUILT_PRODUCTS_DIR;
		};
		7BCFA6630E9C04A00012DCBB /* libsaga_package_stream.dylib */ = {
			isa = PBXReferenceProxy;
			fileType = "compiled.mach-o.dylib";
			path = libsaga_package_stream.dylib;
			remoteRef = 7BCFA6620E9C04A00012DCBB /* PBXContainerItemProxy */;
			sourceTree = BUILT_PRODUCTS_DIR;
		};
		7BCFA6650E9C04A00012DCBB /* libsaga_package_sd.dylib */ = {
			isa = PBXReferenceProxy;
			fileType = "compiled.mach-o.dylib";
			path = libsaga_package_sd.dylib;
			remoteRef = 7BCFA6640E9C04A00012DCBB /* PBXContainerItemProxy */;
			sourceTree = BUILT_PRODUCTS_DIR;
		};
		7BCFA6670E9C04A00012DCBB /* liblibantlr.a */ = {
			isa = PBXReferenceProxy;
			fileType = archive.ar;
			path = liblibantlr.a;
			remoteRef = 7BCFA6660E9C04A00012DCBB /* PBXContainerItemProxy */;
			sourceTree = BUILT_PRODUCTS_DIR;
		};
		7BCFA6730E9C04FD0012DCBB /* libsaga_adaptor_default_file.dylib */ = {
			isa = PBXReferenceProxy;
			fileType = "compiled.mach-o.dylib";
			path = libsaga_adaptor_default_file.dylib;
			remoteRef = 7BCFA6720E9C04FD0012DCBB /* PBXContainerItemProxy */;
			sourceTree = BUILT_PRODUCTS_DIR;
		};
		7BCFA6750E9C04FD0012DCBB /* libsaga_adaptor_default_job.dylib */ = {
			isa = PBXReferenceProxy;
			fileType = "compiled.mach-o.dylib";
			path = libsaga_adaptor_default_job.dylib;
			remoteRef = 7BCFA6740E9C04FD0012DCBB /* PBXContainerItemProxy */;
			sourceTree = BUILT_PRODUCTS_DIR;
		};
		7BCFA6770E9C04FD0012DCBB /* libsaga_adaptor_default_advert.dylib */ = {
			isa = PBXReferenceProxy;
			fileType = "compiled.mach-o.dylib";
			path = libsaga_adaptor_default_advert.dylib;
			remoteRef = 7BCFA6760E9C04FD0012DCBB /* PBXContainerItemProxy */;
			sourceTree = BUILT_PRODUCTS_DIR;
		};
		7BCFA6790E9C04FD0012DCBB /* libsaga_adaptor_default_replica.dylib */ = {
			isa = PBXReferenceProxy;
			fileType = "compiled.mach-o.dylib";
			path = libsaga_adaptor_default_replica.dylib;
			remoteRef = 7BCFA6780E9C04FD0012DCBB /* PBXContainerItemProxy */;
			sourceTree = BUILT_PRODUCTS_DIR;
		};
/* End PBXReferenceProxy section */

/* Begin PBXSourcesBuildPhase section */
		8DD76F640486A84900D96B5E /* Sources */ = {
			isa = PBXSourcesBuildPhase;
			buildActionMask = 2147483647;
			files = (
			);
			runOnlyForDeploymentPostprocessing = 0;
		};
/* End PBXSourcesBuildPhase section */

/* Begin PBXTargetDependency section */
		7B9AD53B0CC164EA004285D8 /* PBXTargetDependency */ = {
			isa = PBXTargetDependency;
			target = 8DD76F620486A84900D96B5E /* GridNPB-SAGA */;
			targetProxy = 7B9AD53A0CC164EA004285D8 /* PBXContainerItemProxy */;
		};
/* End PBXTargetDependency section */

/* Begin XCBuildConfiguration section */
		1DEB923208733DC60010E9CD /* Debug */ = {
			isa = XCBuildConfiguration;
			buildSettings = {
				COPY_PHASE_STRIP = NO;
				GCC_DYNAMIC_NO_PIC = NO;
				GCC_ENABLE_FIX_AND_CONTINUE = YES;
				GCC_MODEL_TUNING = G5;
				GCC_OPTIMIZATION_LEVEL = 0;
				INSTALL_PATH = "$(HOME)/bin";
				OTHER_CPLUSPLUSFLAGS = "$(OTHER_CFLAGS)";
				PRODUCT_NAME = "GridNPB-SAGA";
				ZERO_LINK = YES;
			};
			name = Debug;
		};
		1DEB923308733DC60010E9CD /* Release */ = {
			isa = XCBuildConfiguration;
			buildSettings = {
				ARCHS = (
					ppc,
					i386,
				);
				GCC_GENERATE_DEBUGGING_SYMBOLS = NO;
				GCC_MODEL_TUNING = G5;
				INSTALL_PATH = "$(HOME)/bin";
				OTHER_CPLUSPLUSFLAGS = "$(OTHER_CFLAGS)";
				PRODUCT_NAME = tf_agent;
			};
			name = Release;
		};
		1DEB923608733DC60010E9CD /* Debug */ = {
			isa = XCBuildConfiguration;
			buildSettings = {
				DEBUG_INFORMATION_FORMAT = dwarf;
				GCC_WARN_ABOUT_RETURN_TYPE = YES;
				GCC_WARN_UNUSED_VARIABLE = YES;
				HEADER_SEARCH_PATHS = (
					/usr/local/include,
					"$(inherited)",
					/Users/oweidner/Projects/SAGA/Code/cpp/trunk/src/,
				);
				KEEP_PRIVATE_EXTERNS = YES;
				LINK_WITH_STANDARD_LIBRARIES = YES;
				MACH_O_TYPE = mh_execute;
				OTHER_CPLUSPLUSFLAGS = "$(OTHER_CFLAGS)";
				PREBINDING = YES;
				SDKROOT = "$(DEVELOPER_SDK_DIR)/MacOSX10.5.sdk";
			};
			name = Debug;
		};
		1DEB923708733DC60010E9CD /* Release */ = {
			isa = XCBuildConfiguration;
			buildSettings = {
				GCC_WARN_ABOUT_RETURN_TYPE = YES;
				GCC_WARN_UNUSED_VARIABLE = YES;
				HEADER_SEARCH_PATHS = (
					/usr/local/include,
					"$(inherited)",
					/Users/oweidner/Projects/SAGA/Code/cpp/trunk/src/,
				);
				KEEP_PRIVATE_EXTERNS = YES;
				LINK_WITH_STANDARD_LIBRARIES = YES;
				MACH_O_TYPE = mh_execute;
				OTHER_CPLUSPLUSFLAGS = "$(OTHER_CFLAGS)";
				PREBINDING = YES;
				SDKROOT = "$(DEVELOPER_SDK_DIR)/MacOSX10.5.sdk";
			};
			name = Release;
		};
		7B9AD53E0CC16513004285D8 /* Debug */ = {
			isa = XCBuildConfiguration;
			buildSettings = {
				COPY_PHASE_STRIP = NO;
				GCC_DYNAMIC_NO_PIC = NO;
				GCC_GENERATE_DEBUGGING_SYMBOLS = YES;
				GCC_OPTIMIZATION_LEVEL = 0;
				PRODUCT_NAME = task_farming;
			};
			name = Debug;
		};
		7B9AD53F0CC16513004285D8 /* Release */ = {
			isa = XCBuildConfiguration;
			buildSettings = {
				COPY_PHASE_STRIP = YES;
				GCC_ENABLE_FIX_AND_CONTINUE = NO;
				GCC_GENERATE_DEBUGGING_SYMBOLS = NO;
				PRODUCT_NAME = task_farming;
				ZERO_LINK = NO;
			};
			name = Release;
		};
/* End XCBuildConfiguration section */

/* Begin XCConfigurationList section */
		1DEB923108733DC60010E9CD /* Build configuration list for PBXNativeTarget "GridNPB-SAGA" */ = {
			isa = XCConfigurationList;
			buildConfigurations = (
				1DEB923208733DC60010E9CD /* Debug */,
				1DEB923308733DC60010E9CD /* Release */,
			);
			defaultConfigurationIsVisible = 0;
			defaultConfigurationName = Release;
		};
		1DEB923508733DC60010E9CD /* Build configuration list for PBXProject "GridNPB-SAGA" */ = {
			isa = XCConfigurationList;
			buildConfigurations = (
				1DEB923608733DC60010E9CD /* Debug */,
				1DEB923708733DC60010E9CD /* Release */,
			);
			defaultConfigurationIsVisible = 0;
			defaultConfigurationName = Release;
		};
		7B9AD53D0CC16513004285D8 /* Build configuration list for PBXAggregateTarget "ALL" */ = {
			isa = XCConfigurationList;
			buildConfigurations = (
				7B9AD53E0CC16513004285D8 /* Debug */,
				7B9AD53F0CC16513004285D8 /* Release */,
			);
			defaultConfigurationIsVisible = 0;
			defaultConfigurationName = Release;
		};
/* End XCConfigurationList section */
	};
	rootObject = 08FB7793FE84155DC02AAC07 /* Project object */;
}
