
Microsoft Visual Studio Solution File, Format Version 9.00
# Visual Studio 2005
Project("{8BC9CEB8-8B4A-11D0-8D11-00A0C91BC942}") = "dayinlife", "dayinlife\dayinlife.vcproj", "{B85B38E1-7E92-4EC9-9AD9-00BE0672AE78}"
EndProject
Project("{2150E333-8FDC-42A3-9474-1A3956D46DE8}") = "MapReduce", "MapReduce", "{FF1914E1-19C6-4AE3-B450-CCCD3A3F0ECC}"
EndProject
Project("{8BC9CEB8-8B4A-11D0-8D11-00A0C91BC942}") = "mapreduce_master", "mapreduce_master\mapreduce_master.vcproj", "{4A888264-0991-49D3-9BBE-A9A15616E418}"
	ProjectSection(ProjectDependencies) = postProject
		{62827114-07EC-4902-91E7-97A2105C3E42} = {62827114-07EC-4902-91E7-97A2105C3E42}
		{69CE5823-4F18-4AA1-8F8C-945811FD7EDD} = {69CE5823-4F18-4AA1-8F8C-945811FD7EDD}
	EndProjectSection
EndProject
Project("{8BC9CEB8-8B4A-11D0-8D11-00A0C91BC942}") = "mapreduce_util", "mapreduce_util\mapreduce_util.vcproj", "{62827114-07EC-4902-91E7-97A2105C3E42}"
EndProject
Project("{8BC9CEB8-8B4A-11D0-8D11-00A0C91BC942}") = "mapreduce_worker", "mapreduce_worker\mapreduce_worker.vcproj", "{410712BB-A5AC-4D12-B36D-3DC442667215}"
EndProject
Project("{8BC9CEB8-8B4A-11D0-8D11-00A0C91BC942}") = "mapreduce_xmlparser", "mapreduce_xmlparser\mapreduce_xmlparser.vcproj", "{69CE5823-4F18-4AA1-8F8C-945811FD7EDD}"
EndProject
Global
	GlobalSection(SolutionConfigurationPlatforms) = preSolution
		Debug|Win32 = Debug|Win32
		Release|Win32 = Release|Win32
	EndGlobalSection
	GlobalSection(ProjectConfigurationPlatforms) = postSolution
		{B85B38E1-7E92-4EC9-9AD9-00BE0672AE78}.Debug|Win32.ActiveCfg = Debug|Win32
		{B85B38E1-7E92-4EC9-9AD9-00BE0672AE78}.Debug|Win32.Build.0 = Debug|Win32
		{B85B38E1-7E92-4EC9-9AD9-00BE0672AE78}.Release|Win32.ActiveCfg = Release|Win32
		{B85B38E1-7E92-4EC9-9AD9-00BE0672AE78}.Release|Win32.Build.0 = Release|Win32
		{4A888264-0991-49D3-9BBE-A9A15616E418}.Debug|Win32.ActiveCfg = Debug|Win32
		{4A888264-0991-49D3-9BBE-A9A15616E418}.Debug|Win32.Build.0 = Debug|Win32
		{4A888264-0991-49D3-9BBE-A9A15616E418}.Release|Win32.ActiveCfg = Release|Win32
		{4A888264-0991-49D3-9BBE-A9A15616E418}.Release|Win32.Build.0 = Release|Win32
		{62827114-07EC-4902-91E7-97A2105C3E42}.Debug|Win32.ActiveCfg = Debug|Win32
		{62827114-07EC-4902-91E7-97A2105C3E42}.Debug|Win32.Build.0 = Debug|Win32
		{62827114-07EC-4902-91E7-97A2105C3E42}.Release|Win32.ActiveCfg = Release|Win32
		{62827114-07EC-4902-91E7-97A2105C3E42}.Release|Win32.Build.0 = Release|Win32
		{410712BB-A5AC-4D12-B36D-3DC442667215}.Debug|Win32.ActiveCfg = Debug|Win32
		{410712BB-A5AC-4D12-B36D-3DC442667215}.Debug|Win32.Build.0 = Debug|Win32
		{410712BB-A5AC-4D12-B36D-3DC442667215}.Release|Win32.ActiveCfg = Release|Win32
		{410712BB-A5AC-4D12-B36D-3DC442667215}.Release|Win32.Build.0 = Release|Win32
		{69CE5823-4F18-4AA1-8F8C-945811FD7EDD}.Debug|Win32.ActiveCfg = Debug|Win32
		{69CE5823-4F18-4AA1-8F8C-945811FD7EDD}.Debug|Win32.Build.0 = Debug|Win32
		{69CE5823-4F18-4AA1-8F8C-945811FD7EDD}.Release|Win32.ActiveCfg = Release|Win32
		{69CE5823-4F18-4AA1-8F8C-945811FD7EDD}.Release|Win32.Build.0 = Release|Win32
	EndGlobalSection
	GlobalSection(SolutionProperties) = preSolution
		HideSolutionNode = FALSE
	EndGlobalSection
	GlobalSection(NestedProjects) = preSolution
		{4A888264-0991-49D3-9BBE-A9A15616E418} = {FF1914E1-19C6-4AE3-B450-CCCD3A3F0ECC}
		{62827114-07EC-4902-91E7-97A2105C3E42} = {FF1914E1-19C6-4AE3-B450-CCCD3A3F0ECC}
		{410712BB-A5AC-4D12-B36D-3DC442667215} = {FF1914E1-19C6-4AE3-B450-CCCD3A3F0ECC}
		{69CE5823-4F18-4AA1-8F8C-945811FD7EDD} = {FF1914E1-19C6-4AE3-B450-CCCD3A3F0ECC}
	EndGlobalSection
EndGlobal
