// !$*UTF8*$!
{
	archiveVersion = 1;
	classes = {
	};
	objectVersion = 44;
	objects = {

/* Begin PBXAggregateTarget section */
		7B9AD5370CC164E0004285D8 /* task_farming */ = {
			isa = PBXAggregateTarget;
			buildConfigurationList = 7B9AD53D0CC16513004285D8 /* Build configuration list for PBXAggregateTarget "task_farming" */;
			buildPhases = (
			);
			dependencies = (
				7B9AD53B0CC164EA004285D8 /* PBXTargetDependency */,
				7B9AD5390CC164EA004285D8 /* PBXTargetDependency */,
			);
			name = task_farming;
			productName = task_farming;
		};
/* End PBXAggregateTarget section */

/* Begin PBXBuildFile section */
		7B0156920CF1314900A721AA /* libsaga_engine_0.7.dylib in Frameworks */ = {isa = PBXBuildFile; fileRef = 7B0156520CF12C4C00A721AA /* libsaga_engine_0.7.dylib */; };
		7B0156930CF1314900A721AA /* libsaga_package_namespace_0.7.dylib in Frameworks */ = {isa = PBXBuildFile; fileRef = 7B0156540CF12C4C00A721AA /* libsaga_package_namespace_0.7.dylib */; };
		7B0156940CF1314900A721AA /* libsaga_package_file_0.7.dylib in Frameworks */ = {isa = PBXBuildFile; fileRef = 7B0156560CF12C4C00A721AA /* libsaga_package_file_0.7.dylib */; };
		7B0156950CF1314900A721AA /* libsaga_package_advert_0.7.dylib in Frameworks */ = {isa = PBXBuildFile; fileRef = 7B0156580CF12C4C00A721AA /* libsaga_package_advert_0.7.dylib */; };
		7B0156960CF1314900A721AA /* libsaga_package_job_0.7.dylib in Frameworks */ = {isa = PBXBuildFile; fileRef = 7B01565C0CF12C4C00A721AA /* libsaga_package_job_0.7.dylib */; };
		7B0156970CF1315000A721AA /* libsaga_engine_0.7.dylib in Frameworks */ = {isa = PBXBuildFile; fileRef = 7B0156520CF12C4C00A721AA /* libsaga_engine_0.7.dylib */; };
		7B0156980CF1315000A721AA /* libsaga_package_namespace_0.7.dylib in Frameworks */ = {isa = PBXBuildFile; fileRef = 7B0156540CF12C4C00A721AA /* libsaga_package_namespace_0.7.dylib */; };
		7B0156990CF1315000A721AA /* libsaga_package_file_0.7.dylib in Frameworks */ = {isa = PBXBuildFile; fileRef = 7B0156560CF12C4C00A721AA /* libsaga_package_file_0.7.dylib */; };
		7B01569A0CF1315000A721AA /* libsaga_package_advert_0.7.dylib in Frameworks */ = {isa = PBXBuildFile; fileRef = 7B0156580CF12C4C00A721AA /* libsaga_package_advert_0.7.dylib */; };
		7B01569B0CF1315000A721AA /* libsaga_package_job_0.7.dylib in Frameworks */ = {isa = PBXBuildFile; fileRef = 7B01565C0CF12C4C00A721AA /* libsaga_package_job_0.7.dylib */; };
		7B1F1DD60CB58A330058ED33 /* AgentApp.cpp in Sources */ = {isa = PBXBuildFile; fileRef = 7B1F1DD40CB58A330058ED33 /* AgentApp.cpp */; };
		7B569CFB0CB321D300E3FAAD /* main.cpp in Sources */ = {isa = PBXBuildFile; fileRef = 7B569CFA0CB321D300E3FAAD /* main.cpp */; };
		7B7997800CB6D99500B97A60 /* SystemInfo.cpp in Sources */ = {isa = PBXBuildFile; fileRef = 7B79977E0CB6D99500B97A60 /* SystemInfo.cpp */; };
		7B9AD5310CC16482004285D8 /* version.hpp in CopyFiles */ = {isa = PBXBuildFile; fileRef = 7B9AD5300CC16482004285D8 /* version.hpp */; };
		7B9AD5570CC165B1004285D8 /* SubmitApp.hpp in CopyFiles */ = {isa = PBXBuildFile; fileRef = 7B9AD5550CC165B1004285D8 /* SubmitApp.hpp */; };
		7BCEF3F30CF2520B00FD6DDD /* LogWriter.cpp in Sources */ = {isa = PBXBuildFile; fileRef = 7BCEF3F20CF2520B00FD6DDD /* LogWriter.cpp */; };
		7BCEF3F40CF2520B00FD6DDD /* LogWriter.cpp in Sources */ = {isa = PBXBuildFile; fileRef = 7BCEF3F20CF2520B00FD6DDD /* LogWriter.cpp */; };
		7BD5C6FC0CF35ED400F422E4 /* xmlParser.cpp in Sources */ = {isa = PBXBuildFile; fileRef = 7BD5C6FA0CF35ED400F422E4 /* xmlParser.cpp */; };
		7BD5C6FD0CF35ED400F422E4 /* xmlParser.cpp in Sources */ = {isa = PBXBuildFile; fileRef = 7BD5C6FA0CF35ED400F422E4 /* xmlParser.cpp */; };
		7BD5C9500CF394D100F422E4 /* HealthManager.cpp in Sources */ = {isa = PBXBuildFile; fileRef = 7BD5C94F0CF394D100F422E4 /* HealthManager.cpp */; };
		7BEEA7ED0CD9797E00990559 /* libboost_program_options-mt-d-1_34_1.dylib in Frameworks */ = {isa = PBXBuildFile; fileRef = 7BEEA7EC0CD9797E00990559 /* libboost_program_options-mt-d-1_34_1.dylib */; };
		7BEEA7EE0CD9798D00990559 /* libboost_program_options-mt-d-1_34_1.dylib in Frameworks */ = {isa = PBXBuildFile; fileRef = 7BEEA7EC0CD9797E00990559 /* libboost_program_options-mt-d-1_34_1.dylib */; };
		7BEEA8000CD97A8B00990559 /* ConfigFileParser.cpp in Sources */ = {isa = PBXBuildFile; fileRef = 7BEEA7FF0CD97A8B00990559 /* ConfigFileParser.cpp */; };
		7BEEA8110CD97C3900990559 /* main.cpp in Sources */ = {isa = PBXBuildFile; fileRef = 7B9AD52B0CC1642E004285D8 /* main.cpp */; };
		7BEEA8120CD97C3900990559 /* SubmitApp.cpp in Sources */ = {isa = PBXBuildFile; fileRef = 7B9AD5560CC165B1004285D8 /* SubmitApp.cpp */; };
		7BEEA8130CD97C3900990559 /* ConfigFileParser.cpp in Sources */ = {isa = PBXBuildFile; fileRef = 7BEEA7FF0CD97A8B00990559 /* ConfigFileParser.cpp */; };
/* End PBXBuildFile section */

/* Begin PBXContainerItemProxy section */
		7B0156510CF12C4C00A721AA /* PBXContainerItemProxy */ = {
			isa = PBXContainerItemProxy;
			containerPortal = 7B5488050CBBED3A00756E9F /* saga_engine.xcodeproj */;
			proxyType = 2;
			remoteGlobalIDString = 7B5AFDDC0B9973DF00F9AF14;
			remoteInfo = saga_engine;
		};
		7B0156530CF12C4C00A721AA /* PBXContainerItemProxy */ = {
			isa = PBXContainerItemProxy;
			containerPortal = 7B5488050CBBED3A00756E9F /* saga_engine.xcodeproj */;
			proxyType = 2;
			remoteGlobalIDString = 7B5AFE1F0B99759300F9AF14;
			remoteInfo = saga_package_namespace;
		};
		7B0156550CF12C4C00A721AA /* PBXContainerItemProxy */ = {
			isa = PBXContainerItemProxy;
			containerPortal = 7B5488050CBBED3A00756E9F /* saga_engine.xcodeproj */;
			proxyType = 2;
			remoteGlobalIDString = 7B5AFDDD0B9973DF00F9AF14;
			remoteInfo = saga_package_file;
		};
		7B0156570CF12C4C00A721AA /* PBXContainerItemProxy */ = {
			isa = PBXContainerItemProxy;
			containerPortal = 7B5488050CBBED3A00756E9F /* saga_engine.xcodeproj */;
			proxyType = 2;
			remoteGlobalIDString = 7B5AFE590B99771C00F9AF14;
			remoteInfo = saga_package_advert;
		};
		7B0156590CF12C4C00A721AA /* PBXContainerItemProxy */ = {
			isa = PBXContainerItemProxy;
			containerPortal = 7B5488050CBBED3A00756E9F /* saga_engine.xcodeproj */;
			proxyType = 2;
			remoteGlobalIDString = 7B6DA62A0B9A206900168752;
			remoteInfo = saga_package_logicalfile;
		};
		7B01565B0CF12C4C00A721AA /* PBXContainerItemProxy */ = {
			isa = PBXContainerItemProxy;
			containerPortal = 7B5488050CBBED3A00756E9F /* saga_engine.xcodeproj */;
			proxyType = 2;
			remoteGlobalIDString = 7B5AFE820B9977EA00F9AF14;
			remoteInfo = saga_package_job;
		};
		7B01565D0CF12C4C00A721AA /* PBXContainerItemProxy */ = {
			isa = PBXContainerItemProxy;
			containerPortal = 7B5488050CBBED3A00756E9F /* saga_engine.xcodeproj */;
			proxyType = 2;
			remoteGlobalIDString = 7B6DA6590B9A29A100168752;
			remoteInfo = saga_package_rpc;
		};
		7B01565F0CF12C4C00A721AA /* PBXContainerItemProxy */ = {
			isa = PBXContainerItemProxy;
			containerPortal = 7B5488050CBBED3A00756E9F /* saga_engine.xcodeproj */;
			proxyType = 2;
			remoteGlobalIDString = 7B6DA67C0B9A2C8900168752;
			remoteInfo = saga_package_stream;
		};
		7B0156720CF12C7600A721AA /* PBXContainerItemProxy */ = {
			isa = PBXContainerItemProxy;
			containerPortal = 7B0156650CF12C7600A721AA /* saga_default_adaptors.xcodeproj */;
			proxyType = 2;
			remoteGlobalIDString = 7B03D43C0BE95441005A1619;
			remoteInfo = libsaga_adaptor_default_file;
		};
		7B0156740CF12C7600A721AA /* PBXContainerItemProxy */ = {
			isa = PBXContainerItemProxy;
			containerPortal = 7B0156650CF12C7600A721AA /* saga_default_adaptors.xcodeproj */;
			proxyType = 2;
			remoteGlobalIDString = 7B03D4410BE9545F005A1619;
			remoteInfo = libsaga_adaptor_default_job;
		};
		7B0156760CF12C7600A721AA /* PBXContainerItemProxy */ = {
			isa = PBXContainerItemProxy;
			containerPortal = 7B0156650CF12C7600A721AA /* saga_default_adaptors.xcodeproj */;
			proxyType = 2;
			remoteGlobalIDString = 7B2E509F0C7CCB050070F07B;
			remoteInfo = libsaga_adaptor_default_advert;
		};
		7B0156850CF12C9500A721AA /* PBXContainerItemProxy */ = {
			isa = PBXContainerItemProxy;
			containerPortal = 7B7AE4640CD27C8D009C137F /* saga_globus4-preWS_adaptors.xcodeproj */;
			proxyType = 2;
			remoteGlobalIDString = 7BEE45780C39BDEA003D8E05;
			remoteInfo = libsaga_adaptor_globus_gridftp_file;
		};
		7B0156870CF12C9500A721AA /* PBXContainerItemProxy */ = {
			isa = PBXContainerItemProxy;
			containerPortal = 7B7AE4640CD27C8D009C137F /* saga_globus4-preWS_adaptors.xcodeproj */;
			proxyType = 2;
			remoteGlobalIDString = 7BEE45770C39BDEA003D8E05;
			remoteInfo = libsaga_adaptor_globus_gram_job;
		};
		7B01569C0CF1316B00A721AA /* PBXContainerItemProxy */ = {
			isa = PBXContainerItemProxy;
			containerPortal = 7B7AE4640CD27C8D009C137F /* saga_globus4-preWS_adaptors.xcodeproj */;
			proxyType = 1;
			remoteGlobalIDString = 7B2A409C0B996DB200E47329;
			remoteInfo = libsaga_adaptor_globus_gridftp_file;
		};
		7B01569E0CF1316B00A721AA /* PBXContainerItemProxy */ = {
			isa = PBXContainerItemProxy;
			containerPortal = 7B7AE4640CD27C8D009C137F /* saga_globus4-preWS_adaptors.xcodeproj */;
			proxyType = 1;
			remoteGlobalIDString = 7BF50DFA0B9A9AF90073E20C;
			remoteInfo = libsaga_adaptor_globus_gram_job;
		};
		7B0156A00CF1316B00A721AA /* PBXContainerItemProxy */ = {
			isa = PBXContainerItemProxy;
			containerPortal = 7B5488050CBBED3A00756E9F /* saga_engine.xcodeproj */;
			proxyType = 1;
			remoteGlobalIDString = 7B5552270B97C34000616724;
			remoteInfo = saga_engine;
		};
		7B0156A20CF1316B00A721AA /* PBXContainerItemProxy */ = {
			isa = PBXContainerItemProxy;
			containerPortal = 7B5488050CBBED3A00756E9F /* saga_engine.xcodeproj */;
			proxyType = 1;
			remoteGlobalIDString = 7B5AFE0A0B99759300F9AF14;
			remoteInfo = saga_package_namespace;
		};
		7B0156A40CF1316B00A721AA /* PBXContainerItemProxy */ = {
			isa = PBXContainerItemProxy;
			containerPortal = 7B5488050CBBED3A00756E9F /* saga_engine.xcodeproj */;
			proxyType = 1;
			remoteGlobalIDString = 7B2A409C0B996DB200E47329;
			remoteInfo = saga_package_file;
		};
		7B0156A60CF1316B00A721AA /* PBXContainerItemProxy */ = {
			isa = PBXContainerItemProxy;
			containerPortal = 7B5488050CBBED3A00756E9F /* saga_engine.xcodeproj */;
			proxyType = 1;
			remoteGlobalIDString = 7B5AFE410B99771C00F9AF14;
			remoteInfo = saga_package_advert;
		};
		7B0156A80CF1316B00A721AA /* PBXContainerItemProxy */ = {
			isa = PBXContainerItemProxy;
			containerPortal = 7B5488050CBBED3A00756E9F /* saga_engine.xcodeproj */;
			proxyType = 1;
			remoteGlobalIDString = 7B5AFE6A0B9977EA00F9AF14;
			remoteInfo = saga_package_job;
		};
		7B0156AA0CF1316B00A721AA /* PBXContainerItemProxy */ = {
			isa = PBXContainerItemProxy;
			containerPortal = 7B0156650CF12C7600A721AA /* saga_default_adaptors.xcodeproj */;
			proxyType = 1;
			remoteGlobalIDString = 7B2A409C0B996DB200E47329;
			remoteInfo = libsaga_adaptor_default_file;
		};
		7B0156AC0CF1316B00A721AA /* PBXContainerItemProxy */ = {
			isa = PBXContainerItemProxy;
			containerPortal = 7B0156650CF12C7600A721AA /* saga_default_adaptors.xcodeproj */;
			proxyType = 1;
			remoteGlobalIDString = 7BF50DFA0B9A9AF90073E20C;
			remoteInfo = libsaga_adaptor_default_job;
		};
		7B0156AE0CF1316B00A721AA /* PBXContainerItemProxy */ = {
			isa = PBXContainerItemProxy;
			containerPortal = 7B0156650CF12C7600A721AA /* saga_default_adaptors.xcodeproj */;
			proxyType = 1;
			remoteGlobalIDString = 7B2E508C0C7CCB050070F07B;
			remoteInfo = libsaga_adaptor_default_advert;
		};
		7B0156B00CF1318600A721AA /* PBXContainerItemProxy */ = {
			isa = PBXContainerItemProxy;
			containerPortal = 7B7AE4640CD27C8D009C137F /* saga_globus4-preWS_adaptors.xcodeproj */;
			proxyType = 1;
			remoteGlobalIDString = 7B2A409C0B996DB200E47329;
			remoteInfo = libsaga_adaptor_globus_gridftp_file;
		};
		7B0156B20CF1318600A721AA /* PBXContainerItemProxy */ = {
			isa = PBXContainerItemProxy;
			containerPortal = 7B7AE4640CD27C8D009C137F /* saga_globus4-preWS_adaptors.xcodeproj */;
			proxyType = 1;
			remoteGlobalIDString = 7BF50DFA0B9A9AF90073E20C;
			remoteInfo = libsaga_adaptor_globus_gram_job;
		};
		7B0156B40CF1318600A721AA /* PBXContainerItemProxy */ = {
			isa = PBXContainerItemProxy;
			containerPortal = 7B5488050CBBED3A00756E9F /* saga_engine.xcodeproj */;
			proxyType = 1;
			remoteGlobalIDString = 7B5552270B97C34000616724;
			remoteInfo = saga_engine;
		};
		7B0156B60CF1318600A721AA /* PBXContainerItemProxy */ = {
			isa = PBXContainerItemProxy;
			containerPortal = 7B5488050CBBED3A00756E9F /* saga_engine.xcodeproj */;
			proxyType = 1;
			remoteGlobalIDString = 7B5AFE0A0B99759300F9AF14;
			remoteInfo = saga_package_namespace;
		};
		7B0156B80CF1318600A721AA /* PBXContainerItemProxy */ = {
			isa = PBXContainerItemProxy;
			containerPortal = 7B5488050CBBED3A00756E9F /* saga_engine.xcodeproj */;
			proxyType = 1;
			remoteGlobalIDString = 7B2A409C0B996DB200E47329;
			remoteInfo = saga_package_file;
		};
		7B0156BA0CF1318600A721AA /* PBXContainerItemProxy */ = {
			isa = PBXContainerItemProxy;
			containerPortal = 7B5488050CBBED3A00756E9F /* saga_engine.xcodeproj */;
			proxyType = 1;
			remoteGlobalIDString = 7B5AFE410B99771C00F9AF14;
			remoteInfo = saga_package_advert;
		};
		7B0156BC0CF1318600A721AA /* PBXContainerItemProxy */ = {
			isa = PBXContainerItemProxy;
			containerPortal = 7B5488050CBBED3A00756E9F /* saga_engine.xcodeproj */;
			proxyType = 1;
			remoteGlobalIDString = 7B5AFE6A0B9977EA00F9AF14;
			remoteInfo = saga_package_job;
		};
		7B0156BE0CF1318600A721AA /* PBXContainerItemProxy */ = {
			isa = PBXContainerItemProxy;
			containerPortal = 7B0156650CF12C7600A721AA /* saga_default_adaptors.xcodeproj */;
			proxyType = 1;
			remoteGlobalIDString = 7B2A409C0B996DB200E47329;
			remoteInfo = libsaga_adaptor_default_file;
		};
		7B0156C00CF1318600A721AA /* PBXContainerItemProxy */ = {
			isa = PBXContainerItemProxy;
			containerPortal = 7B0156650CF12C7600A721AA /* saga_default_adaptors.xcodeproj */;
			proxyType = 1;
			remoteGlobalIDString = 7BF50DFA0B9A9AF90073E20C;
			remoteInfo = libsaga_adaptor_default_job;
		};
		7B0156C20CF1318600A721AA /* PBXContainerItemProxy */ = {
			isa = PBXContainerItemProxy;
			containerPortal = 7B0156650CF12C7600A721AA /* saga_default_adaptors.xcodeproj */;
			proxyType = 1;
			remoteGlobalIDString = 7B2E508C0C7CCB050070F07B;
			remoteInfo = libsaga_adaptor_default_advert;
		};
		7B68CD6C0D45BE2D00B5CE0B /* PBXContainerItemProxy */ = {
			isa = PBXContainerItemProxy;
			containerPortal = 7B7AE4640CD27C8D009C137F /* saga_globus4-preWS_adaptors.xcodeproj */;
			proxyType = 2;
			remoteGlobalIDString = 7BC285710D241C55002C51F7;
			remoteInfo = libsaga_adaptor_globus_rls_replica;
		};
		7B68CD6E0D45BE2D00B5CE0B /* PBXContainerItemProxy */ = {
			isa = PBXContainerItemProxy;
			containerPortal = 7B7AE4640CD27C8D009C137F /* saga_globus4-preWS_adaptors.xcodeproj */;
			proxyType = 2;
			remoteGlobalIDString = 7B645E260D0DEA0900662E84;
			remoteInfo = test_gridftp_file;
		};
		7B68CD700D45BE2D00B5CE0B /* PBXContainerItemProxy */ = {
			isa = PBXContainerItemProxy;
			containerPortal = 7B7AE4640CD27C8D009C137F /* saga_globus4-preWS_adaptors.xcodeproj */;
			proxyType = 2;
			remoteGlobalIDString = 7B33117B0D2D1AD1006F7ED0;
			remoteInfo = test_rls_replica;
		};
		7B9AD5380CC164EA004285D8 /* PBXContainerItemProxy */ = {
			isa = PBXContainerItemProxy;
			containerPortal = 08FB7793FE84155DC02AAC07 /* Project object */;
			proxyType = 1;
			remoteGlobalIDString = 7B9AD5080CC163AE004285D8;
			remoteInfo = tf_frontend;
		};
		7B9AD53A0CC164EA004285D8 /* PBXContainerItemProxy */ = {
			isa = PBXContainerItemProxy;
			containerPortal = 08FB7793FE84155DC02AAC07 /* Project object */;
			proxyType = 1;
			remoteGlobalIDString = 8DD76F620486A84900D96B5E;
			remoteInfo = tf_agent;
		};
/* End PBXContainerItemProxy section */

/* Begin PBXCopyFilesBuildPhase section */
		7B9AD5220CC163AE004285D8 /* CopyFiles */ = {
			isa = PBXCopyFilesBuildPhase;
			buildActionMask = 8;
			dstPath = /usr/share/man/man1/;
			dstSubfolderSpec = 0;
			files = (
				7B9AD5310CC16482004285D8 /* version.hpp in CopyFiles */,
				7B9AD5570CC165B1004285D8 /* SubmitApp.hpp in CopyFiles */,
			);
			runOnlyForDeploymentPostprocessing = 1;
		};
		8DD76F690486A84900D96B5E /* CopyFiles */ = {
			isa = PBXCopyFilesBuildPhase;
			buildActionMask = 8;
			dstPath = /usr/share/man/man1/;
			dstSubfolderSpec = 0;
			files = (
			);
			runOnlyForDeploymentPostprocessing = 1;
		};
/* End PBXCopyFilesBuildPhase section */

/* Begin PBXFileReference section */
		7B0156650CF12C7600A721AA /* saga_default_adaptors.xcodeproj */ = {isa = PBXFileReference; lastKnownFileType = "wrapper.pb-project"; name = saga_default_adaptors.xcodeproj; path = ../../../SAGA/Code/cpp/trunk/project/XCode/adaptors/saga_default_adaptors.xcodeproj; sourceTree = SOURCE_ROOT; };
		7B1F1DD30CB58A330058ED33 /* AgentApp.hpp */ = {isa = PBXFileReference; fileEncoding = 4; lastKnownFileType = sourcecode.cpp.h; path = AgentApp.hpp; sourceTree = "<group>"; };
		7B1F1DD40CB58A330058ED33 /* AgentApp.cpp */ = {isa = PBXFileReference; fileEncoding = 4; lastKnownFileType = sourcecode.cpp.cpp; path = AgentApp.cpp; sourceTree = "<group>"; };
		7B1F1E060CB5AC640058ED33 /* defines.hpp */ = {isa = PBXFileReference; fileEncoding = 4; lastKnownFileType = sourcecode.cpp.h; name = defines.hpp; path = source/defines.hpp; sourceTree = "<group>"; };
		7B5488050CBBED3A00756E9F /* saga_engine.xcodeproj */ = {isa = PBXFileReference; lastKnownFileType = "wrapper.pb-project"; name = saga_engine.xcodeproj; path = ../../../SAGA/Code/cpp/trunk/project/XCode/saga_engine.xcodeproj; sourceTree = SOURCE_ROOT; };
		7B569CFA0CB321D300E3FAAD /* main.cpp */ = {isa = PBXFileReference; fileEncoding = 30; lastKnownFileType = sourcecode.cpp.cpp; path = main.cpp; sourceTree = "<group>"; };
		7B569D130CB4709D00E3FAAD /* libboost_program_options.a */ = {isa = PBXFileReference; lastKnownFileType = archive.ar; name = libboost_program_options.a; path = /usr/local/lib/libboost_program_options.a; sourceTree = "<absolute>"; };
		7B569D600CB4754200E3FAAD /* version.hpp */ = {isa = PBXFileReference; fileEncoding = 4; lastKnownFileType = sourcecode.cpp.h; path = version.hpp; sourceTree = "<group>"; };
		7B79977D0CB6D99500B97A60 /* SystemInfo.hpp */ = {isa = PBXFileReference; fileEncoding = 4; lastKnownFileType = sourcecode.cpp.h; path = SystemInfo.hpp; sourceTree = "<group>"; };
		7B79977E0CB6D99500B97A60 /* SystemInfo.cpp */ = {isa = PBXFileReference; fileEncoding = 4; lastKnownFileType = sourcecode.cpp.cpp; path = SystemInfo.cpp; sourceTree = "<group>"; };
		7B7AE4640CD27C8D009C137F /* saga_globus4-preWS_adaptors.xcodeproj */ = {isa = PBXFileReference; lastKnownFileType = "wrapper.pb-project"; name = "saga_globus4-preWS_adaptors.xcodeproj"; path = "../../../SAGA/Code/cpp/trunk/project/XCode/adaptors/saga_globus4-preWS_adaptors.xcodeproj"; sourceTree = SOURCE_ROOT; };
		7B9AD5260CC163AE004285D8 /* tf_submit */ = {isa = PBXFileReference; explicitFileType = "compiled.mach-o.executable"; includeInIndex = 0; path = tf_submit; sourceTree = BUILT_PRODUCTS_DIR; };
		7B9AD52B0CC1642E004285D8 /* main.cpp */ = {isa = PBXFileReference; fileEncoding = 4; lastKnownFileType = sourcecode.cpp.cpp; path = main.cpp; sourceTree = "<group>"; };
		7B9AD5300CC16482004285D8 /* version.hpp */ = {isa = PBXFileReference; fileEncoding = 4; lastKnownFileType = sourcecode.cpp.h; path = version.hpp; sourceTree = "<group>"; };
		7B9AD5550CC165B1004285D8 /* SubmitApp.hpp */ = {isa = PBXFileReference; fileEncoding = 4; lastKnownFileType = sourcecode.cpp.h; path = SubmitApp.hpp; sourceTree = "<group>"; };
		7B9AD5560CC165B1004285D8 /* SubmitApp.cpp */ = {isa = PBXFileReference; fileEncoding = 4; lastKnownFileType = sourcecode.cpp.cpp; path = SubmitApp.cpp; sourceTree = "<group>"; };
		7BCEF3F10CF2520B00FD6DDD /* LogWriter.hpp */ = {isa = PBXFileReference; fileEncoding = 4; lastKnownFileType = sourcecode.cpp.h; name = LogWriter.hpp; path = source/LogWriter.hpp; sourceTree = "<group>"; };
		7BCEF3F20CF2520B00FD6DDD /* LogWriter.cpp */ = {isa = PBXFileReference; fileEncoding = 4; lastKnownFileType = sourcecode.cpp.cpp; name = LogWriter.cpp; path = source/LogWriter.cpp; sourceTree = "<group>"; };
		7BD5C6FA0CF35ED400F422E4 /* xmlParser.cpp */ = {isa = PBXFileReference; fileEncoding = 4; lastKnownFileType = sourcecode.cpp.cpp; name = xmlParser.cpp; path = source/xmlParser/xmlParser.cpp; sourceTree = "<group>"; };
		7BD5C6FB0CF35ED400F422E4 /* xmlParser.h */ = {isa = PBXFileReference; fileEncoding = 4; lastKnownFileType = sourcecode.c.h; name = xmlParser.h; path = source/xmlParser/xmlParser.h; sourceTree = "<group>"; };
		7BD5C87C0CF3771400F422E4 /* SimpleJob.xml */ = {isa = PBXFileReference; fileEncoding = 4; lastKnownFileType = text.xml; name = SimpleJob.xml; path = samples/SimpleJob.xml; sourceTree = "<group>"; };
		7BD5C94E0CF394D100F422E4 /* HealthManager.hpp */ = {isa = PBXFileReference; fileEncoding = 4; lastKnownFileType = sourcecode.cpp.h; path = HealthManager.hpp; sourceTree = "<group>"; };
		7BD5C94F0CF394D100F422E4 /* HealthManager.cpp */ = {isa = PBXFileReference; fileEncoding = 4; lastKnownFileType = sourcecode.cpp.cpp; path = HealthManager.cpp; sourceTree = "<group>"; };
		7BEEA7EC0CD9797E00990559 /* libboost_program_options-mt-d-1_34_1.dylib */ = {isa = PBXFileReference; lastKnownFileType = "compiled.mach-o.dylib"; name = "libboost_program_options-mt-d-1_34_1.dylib"; path = "/usr/local/lib/libboost_program_options-mt-d-1_34_1.dylib"; sourceTree = "<absolute>"; };
		7BEEA7FE0CD97A8B00990559 /* ConfigFileParser.hpp */ = {isa = PBXFileReference; fileEncoding = 4; lastKnownFileType = sourcecode.cpp.h; path = ConfigFileParser.hpp; sourceTree = "<group>"; };
		7BEEA7FF0CD97A8B00990559 /* ConfigFileParser.cpp */ = {isa = PBXFileReference; fileEncoding = 4; lastKnownFileType = sourcecode.cpp.cpp; path = ConfigFileParser.cpp; sourceTree = "<group>"; };
		8DD76F6C0486A84900D96B5E /* tf_agent */ = {isa = PBXFileReference; explicitFileType = "compiled.mach-o.executable"; includeInIndex = 0; path = tf_agent; sourceTree = BUILT_PRODUCTS_DIR; };
/* End PBXFileReference section */

/* Begin PBXFrameworksBuildPhase section */
		7B9AD51D0CC163AE004285D8 /* Frameworks */ = {
			isa = PBXFrameworksBuildPhase;
			buildActionMask = 2147483647;
			files = (
				7B0156970CF1315000A721AA /* libsaga_engine_0.7.dylib in Frameworks */,
				7B0156980CF1315000A721AA /* libsaga_package_namespace_0.7.dylib in Frameworks */,
				7B0156990CF1315000A721AA /* libsaga_package_file_0.7.dylib in Frameworks */,
				7B01569A0CF1315000A721AA /* libsaga_package_advert_0.7.dylib in Frameworks */,
				7B01569B0CF1315000A721AA /* libsaga_package_job_0.7.dylib in Frameworks */,
				7BEEA7EE0CD9798D00990559 /* libboost_program_options-mt-d-1_34_1.dylib in Frameworks */,
			);
			runOnlyForDeploymentPostprocessing = 0;
		};
		8DD76F660486A84900D96B5E /* Frameworks */ = {
			isa = PBXFrameworksBuildPhase;
			buildActionMask = 2147483647;
			files = (
				7B0156920CF1314900A721AA /* libsaga_engine_0.7.dylib in Frameworks */,
				7B0156930CF1314900A721AA /* libsaga_package_namespace_0.7.dylib in Frameworks */,
				7B0156940CF1314900A721AA /* libsaga_package_file_0.7.dylib in Frameworks */,
				7B0156950CF1314900A721AA /* libsaga_package_advert_0.7.dylib in Frameworks */,
				7B0156960CF1314900A721AA /* libsaga_package_job_0.7.dylib in Frameworks */,
				7BEEA7ED0CD9797E00990559 /* libboost_program_options-mt-d-1_34_1.dylib in Frameworks */,
			);
			runOnlyForDeploymentPostprocessing = 0;
		};
/* End PBXFrameworksBuildPhase section */

/* Begin PBXGroup section */
		08FB7794FE84155DC02AAC07 /* task_farming */ = {
			isa = PBXGroup;
			children = (
				08FB7795FE84155DC02AAC07 /* Source */,
				7BD5C87A0CF376C000F422E4 /* Sample Jobs */,
				C6859E8C029090F304C91782 /* Documentation */,
				7B569D120CB4705C00E3FAAD /* External Dependencies */,
				1AB674ADFE9D54B511CA2CBB /* Products */,
			);
			name = task_farming;
			sourceTree = "<group>";
		};
		08FB7795FE84155DC02AAC07 /* Source */ = {
			isa = PBXGroup;
			children = (
				7B1F1E060CB5AC640058ED33 /* defines.hpp */,
				7BCEF3F10CF2520B00FD6DDD /* LogWriter.hpp */,
				7BCEF3F20CF2520B00FD6DDD /* LogWriter.cpp */,
				7BD5C6E50CF35E4C00F422E4 /* xmlParser */,
				7B569CF90CB321D300E3FAAD /* agent */,
				7BD5C94D0CF3940400F422E4 /* status */,
				7B9AD5070CC163A4004285D8 /* submit */,
			);
			name = Source;
			sourceTree = "<group>";
		};
		1AB674ADFE9D54B511CA2CBB /* Products */ = {
			isa = PBXGroup;
			children = (
				8DD76F6C0486A84900D96B5E /* tf_agent */,
				7B9AD5260CC163AE004285D8 /* tf_submit */,
			);
			name = Products;
			sourceTree = "<group>";
		};
		7B0156440CF12C4C00A721AA /* Products */ = {
			isa = PBXGroup;
			children = (
				7B0156520CF12C4C00A721AA /* libsaga_engine_0.7.dylib */,
				7B0156540CF12C4C00A721AA /* libsaga_package_namespace_0.7.dylib */,
				7B0156560CF12C4C00A721AA /* libsaga_package_file_0.7.dylib */,
				7B0156580CF12C4C00A721AA /* libsaga_package_advert_0.7.dylib */,
				7B01565A0CF12C4C00A721AA /* libsaga_package_logicalfile_0.7.dylib */,
				7B01565C0CF12C4C00A721AA /* libsaga_package_job_0.7.dylib */,
				7B01565E0CF12C4C00A721AA /* libsaga_package_rpc_0.7.dylib */,
				7B0156600CF12C4C00A721AA /* libsaga_package_stream_0.7.dylib */,
			);
			name = Products;
			sourceTree = "<group>";
		};
		7B0156660CF12C7600A721AA /* Products */ = {
			isa = PBXGroup;
			children = (
				7B0156730CF12C7600A721AA /* libsaga_adaptor_default_file.dylib */,
				7B0156750CF12C7600A721AA /* libsaga_adaptor_default_job.dylib */,
				7B0156770CF12C7600A721AA /* libsaga_adaptor_default_advert.dylib */,
			);
			name = Products;
			sourceTree = "<group>";
		};
		7B01567F0CF12C9500A721AA /* Products */ = {
			isa = PBXGroup;
			children = (
				7B0156880CF12C9500A721AA /* libsaga_adaptor_globus_gram_job.dylib */,
				7B0156860CF12C9500A721AA /* libsaga_adaptor_globus_gridftp_file.dylib */,
				7B68CD6D0D45BE2D00B5CE0B /* libsaga_adaptor_globus_rls_replica.dylib */,
				7B68CD6F0D45BE2D00B5CE0B /* test_gridftp_file */,
				7B68CD710D45BE2D00B5CE0B /* test_rls_replica */,
			);
			name = Products;
			sourceTree = "<group>";
		};
		7B569CF90CB321D300E3FAAD /* agent */ = {
			isa = PBXGroup;
			children = (
				7B569CFA0CB321D300E3FAAD /* main.cpp */,
				7B569D600CB4754200E3FAAD /* version.hpp */,
				7B79977D0CB6D99500B97A60 /* SystemInfo.hpp */,
				7B79977E0CB6D99500B97A60 /* SystemInfo.cpp */,
				7B1F1DD30CB58A330058ED33 /* AgentApp.hpp */,
				7B1F1DD40CB58A330058ED33 /* AgentApp.cpp */,
				7BD5C94E0CF394D100F422E4 /* HealthManager.hpp */,
				7BD5C94F0CF394D100F422E4 /* HealthManager.cpp */,
			);
			name = agent;
			path = source/agent;
			sourceTree = "<group>";
		};
		7B569D120CB4705C00E3FAAD /* External Dependencies */ = {
			isa = PBXGroup;
			children = (
				7BEEA7EC0CD9797E00990559 /* libboost_program_options-mt-d-1_34_1.dylib */,
				7B569D130CB4709D00E3FAAD /* libboost_program_options.a */,
				7B0156650CF12C7600A721AA /* saga_default_adaptors.xcodeproj */,
				7B5488050CBBED3A00756E9F /* saga_engine.xcodeproj */,
				7B7AE4640CD27C8D009C137F /* saga_globus4-preWS_adaptors.xcodeproj */,
			);
			name = "External Dependencies";
			sourceTree = "<group>";
		};
		7B9AD5070CC163A4004285D8 /* submit */ = {
			isa = PBXGroup;
			children = (
				7B9AD52B0CC1642E004285D8 /* main.cpp */,
				7B9AD5300CC16482004285D8 /* version.hpp */,
				7B9AD5550CC165B1004285D8 /* SubmitApp.hpp */,
				7B9AD5560CC165B1004285D8 /* SubmitApp.cpp */,
				7BEEA7FE0CD97A8B00990559 /* ConfigFileParser.hpp */,
				7BEEA7FF0CD97A8B00990559 /* ConfigFileParser.cpp */,
			);
			name = submit;
			path = source/submit;
			sourceTree = "<group>";
		};
		7BD5C6E50CF35E4C00F422E4 /* xmlParser */ = {
			isa = PBXGroup;
			children = (
				7BD5C6FA0CF35ED400F422E4 /* xmlParser.cpp */,
				7BD5C6FB0CF35ED400F422E4 /* xmlParser.h */,
			);
			name = xmlParser;
			sourceTree = "<group>";
		};
		7BD5C87A0CF376C000F422E4 /* Sample Jobs */ = {
			isa = PBXGroup;
			children = (
				7BD5C87C0CF3771400F422E4 /* SimpleJob.xml */,
			);
			name = "Sample Jobs";
			sourceTree = "<group>";
		};
		7BD5C94D0CF3940400F422E4 /* status */ = {
			isa = PBXGroup;
			children = (
			);
			name = status;
			sourceTree = "<group>";
		};
		C6859E8C029090F304C91782 /* Documentation */ = {
			isa = PBXGroup;
			children = (
			);
			name = Documentation;
			sourceTree = "<group>";
		};
/* End PBXGroup section */

/* Begin PBXNativeTarget section */
		7B9AD5080CC163AE004285D8 /* tf_submit */ = {
			isa = PBXNativeTarget;
			buildConfigurationList = 7B9AD5230CC163AE004285D8 /* Build configuration list for PBXNativeTarget "tf_submit" */;
			buildPhases = (
				7B9AD5190CC163AE004285D8 /* Sources */,
				7B9AD51D0CC163AE004285D8 /* Frameworks */,
				7B9AD5220CC163AE004285D8 /* CopyFiles */,
			);
			buildRules = (
			);
			dependencies = (
				7B0156B10CF1318600A721AA /* PBXTargetDependency */,
				7B0156B30CF1318600A721AA /* PBXTargetDependency */,
				7B0156B50CF1318600A721AA /* PBXTargetDependency */,
				7B0156B70CF1318600A721AA /* PBXTargetDependency */,
				7B0156B90CF1318600A721AA /* PBXTargetDependency */,
				7B0156BB0CF1318600A721AA /* PBXTargetDependency */,
				7B0156BD0CF1318600A721AA /* PBXTargetDependency */,
				7B0156BF0CF1318600A721AA /* PBXTargetDependency */,
				7B0156C10CF1318600A721AA /* PBXTargetDependency */,
				7B0156C30CF1318600A721AA /* PBXTargetDependency */,
			);
			name = tf_submit;
			productInstallPath = "$(HOME)/bin";
			productName = task_farming;
			productReference = 7B9AD5260CC163AE004285D8 /* tf_submit */;
			productType = "com.apple.product-type.tool";
		};
		8DD76F620486A84900D96B5E /* tf_agent */ = {
			isa = PBXNativeTarget;
			buildConfigurationList = 1DEB923108733DC60010E9CD /* Build configuration list for PBXNativeTarget "tf_agent" */;
			buildPhases = (
				8DD76F640486A84900D96B5E /* Sources */,
				8DD76F660486A84900D96B5E /* Frameworks */,
				8DD76F690486A84900D96B5E /* CopyFiles */,
			);
			buildRules = (
			);
			dependencies = (
				7B0156A10CF1316B00A721AA /* PBXTargetDependency */,
				7B0156A30CF1316B00A721AA /* PBXTargetDependency */,
				7B0156A50CF1316B00A721AA /* PBXTargetDependency */,
				7B0156A70CF1316B00A721AA /* PBXTargetDependency */,
				7B0156A90CF1316B00A721AA /* PBXTargetDependency */,
				7B0156AB0CF1316B00A721AA /* PBXTargetDependency */,
				7B0156AD0CF1316B00A721AA /* PBXTargetDependency */,
				7B0156AF0CF1316B00A721AA /* PBXTargetDependency */,
				7B01569D0CF1316B00A721AA /* PBXTargetDependency */,
				7B01569F0CF1316B00A721AA /* PBXTargetDependency */,
			);
			name = tf_agent;
			productInstallPath = "$(HOME)/bin";
			productName = task_farming;
			productReference = 8DD76F6C0486A84900D96B5E /* tf_agent */;
			productType = "com.apple.product-type.tool";
		};
/* End PBXNativeTarget section */

/* Begin PBXProject section */
		08FB7793FE84155DC02AAC07 /* Project object */ = {
			isa = PBXProject;
			buildConfigurationList = 1DEB923508733DC60010E9CD /* Build configuration list for PBXProject "task_farming" */;
			compatibilityVersion = "Xcode 3.0";
			hasScannedForEncodings = 1;
			mainGroup = 08FB7794FE84155DC02AAC07 /* task_farming */;
			projectDirPath = "";
			projectReferences = (
				{
					ProductGroup = 7B0156660CF12C7600A721AA /* Products */;
					ProjectRef = 7B0156650CF12C7600A721AA /* saga_default_adaptors.xcodeproj */;
				},
				{
					ProductGroup = 7B0156440CF12C4C00A721AA /* Products */;
					ProjectRef = 7B5488050CBBED3A00756E9F /* saga_engine.xcodeproj */;
				},
				{
					ProductGroup = 7B01567F0CF12C9500A721AA /* Products */;
					ProjectRef = 7B7AE4640CD27C8D009C137F /* saga_globus4-preWS_adaptors.xcodeproj */;
				},
			);
			projectRoot = "";
			targets = (
				7B9AD5370CC164E0004285D8 /* task_farming */,
				8DD76F620486A84900D96B5E /* tf_agent */,
				7B9AD5080CC163AE004285D8 /* tf_submit */,
			);
		};
/* End PBXProject section */

/* Begin PBXReferenceProxy section */
		7B0156520CF12C4C00A721AA /* libsaga_engine_0.7.dylib */ = {
			isa = PBXReferenceProxy;
			fileType = "compiled.mach-o.dylib";
			path = libsaga_engine_0.7.dylib;
			remoteRef = 7B0156510CF12C4C00A721AA /* PBXContainerItemProxy */;
			sourceTree = BUILT_PRODUCTS_DIR;
		};
		7B0156540CF12C4C00A721AA /* libsaga_package_namespace_0.7.dylib */ = {
			isa = PBXReferenceProxy;
			fileType = "compiled.mach-o.dylib";
			path = libsaga_package_namespace_0.7.dylib;
			remoteRef = 7B0156530CF12C4C00A721AA /* PBXContainerItemProxy */;
			sourceTree = BUILT_PRODUCTS_DIR;
		};
		7B0156560CF12C4C00A721AA /* libsaga_package_file_0.7.dylib */ = {
			isa = PBXReferenceProxy;
			fileType = "compiled.mach-o.dylib";
			path = libsaga_package_file_0.7.dylib;
			remoteRef = 7B0156550CF12C4C00A721AA /* PBXContainerItemProxy */;
			sourceTree = BUILT_PRODUCTS_DIR;
		};
		7B0156580CF12C4C00A721AA /* libsaga_package_advert_0.7.dylib */ = {
			isa = PBXReferenceProxy;
			fileType = "compiled.mach-o.dylib";
			path = libsaga_package_advert_0.7.dylib;
			remoteRef = 7B0156570CF12C4C00A721AA /* PBXContainerItemProxy */;
			sourceTree = BUILT_PRODUCTS_DIR;
		};
		7B01565A0CF12C4C00A721AA /* libsaga_package_logicalfile_0.7.dylib */ = {
			isa = PBXReferenceProxy;
			fileType = "compiled.mach-o.dylib";
			path = libsaga_package_logicalfile_0.7.dylib;
			remoteRef = 7B0156590CF12C4C00A721AA /* PBXContainerItemProxy */;
			sourceTree = BUILT_PRODUCTS_DIR;
		};
		7B01565C0CF12C4C00A721AA /* libsaga_package_job_0.7.dylib */ = {
			isa = PBXReferenceProxy;
			fileType = "compiled.mach-o.dylib";
			path = libsaga_package_job_0.7.dylib;
			remoteRef = 7B01565B0CF12C4C00A721AA /* PBXContainerItemProxy */;
			sourceTree = BUILT_PRODUCTS_DIR;
		};
		7B01565E0CF12C4C00A721AA /* libsaga_package_rpc_0.7.dylib */ = {
			isa = PBXReferenceProxy;
			fileType = "compiled.mach-o.dylib";
			path = libsaga_package_rpc_0.7.dylib;
			remoteRef = 7B01565D0CF12C4C00A721AA /* PBXContainerItemProxy */;
			sourceTree = BUILT_PRODUCTS_DIR;
		};
		7B0156600CF12C4C00A721AA /* libsaga_package_stream_0.7.dylib */ = {
			isa = PBXReferenceProxy;
			fileType = "compiled.mach-o.dylib";
			path = libsaga_package_stream_0.7.dylib;
			remoteRef = 7B01565F0CF12C4C00A721AA /* PBXContainerItemProxy */;
			sourceTree = BUILT_PRODUCTS_DIR;
		};
		7B0156730CF12C7600A721AA /* libsaga_adaptor_default_file.dylib */ = {
			isa = PBXReferenceProxy;
			fileType = "compiled.mach-o.dylib";
			path = libsaga_adaptor_default_file.dylib;
			remoteRef = 7B0156720CF12C7600A721AA /* PBXContainerItemProxy */;
			sourceTree = BUILT_PRODUCTS_DIR;
		};
		7B0156750CF12C7600A721AA /* libsaga_adaptor_default_job.dylib */ = {
			isa = PBXReferenceProxy;
			fileType = "compiled.mach-o.dylib";
			path = libsaga_adaptor_default_job.dylib;
			remoteRef = 7B0156740CF12C7600A721AA /* PBXContainerItemProxy */;
			sourceTree = BUILT_PRODUCTS_DIR;
		};
		7B0156770CF12C7600A721AA /* libsaga_adaptor_default_advert.dylib */ = {
			isa = PBXReferenceProxy;
			fileType = "compiled.mach-o.dylib";
			path = libsaga_adaptor_default_advert.dylib;
			remoteRef = 7B0156760CF12C7600A721AA /* PBXContainerItemProxy */;
			sourceTree = BUILT_PRODUCTS_DIR;
		};
		7B0156860CF12C9500A721AA /* libsaga_adaptor_globus_gridftp_file.dylib */ = {
			isa = PBXReferenceProxy;
			fileType = "compiled.mach-o.dylib";
			path = libsaga_adaptor_globus_gridftp_file.dylib;
			remoteRef = 7B0156850CF12C9500A721AA /* PBXContainerItemProxy */;
			sourceTree = BUILT_PRODUCTS_DIR;
		};
		7B0156880CF12C9500A721AA /* libsaga_adaptor_globus_gram_job.dylib */ = {
			isa = PBXReferenceProxy;
			fileType = "compiled.mach-o.dylib";
			path = libsaga_adaptor_globus_gram_job.dylib;
			remoteRef = 7B0156870CF12C9500A721AA /* PBXContainerItemProxy */;
			sourceTree = BUILT_PRODUCTS_DIR;
		};
		7B68CD6D0D45BE2D00B5CE0B /* libsaga_adaptor_globus_rls_replica.dylib */ = {
			isa = PBXReferenceProxy;
			fileType = "compiled.mach-o.dylib";
			path = libsaga_adaptor_globus_rls_replica.dylib;
			remoteRef = 7B68CD6C0D45BE2D00B5CE0B /* PBXContainerItemProxy */;
			sourceTree = BUILT_PRODUCTS_DIR;
		};
		7B68CD6F0D45BE2D00B5CE0B /* test_gridftp_file */ = {
			isa = PBXReferenceProxy;
			fileType = "compiled.mach-o.executable";
			path = test_gridftp_file;
			remoteRef = 7B68CD6E0D45BE2D00B5CE0B /* PBXContainerItemProxy */;
			sourceTree = BUILT_PRODUCTS_DIR;
		};
		7B68CD710D45BE2D00B5CE0B /* test_rls_replica */ = {
			isa = PBXReferenceProxy;
			fileType = "compiled.mach-o.executable";
			path = test_rls_replica;
			remoteRef = 7B68CD700D45BE2D00B5CE0B /* PBXContainerItemProxy */;
			sourceTree = BUILT_PRODUCTS_DIR;
		};
/* End PBXReferenceProxy section */

/* Begin PBXSourcesBuildPhase section */
		7B9AD5190CC163AE004285D8 /* Sources */ = {
			isa = PBXSourcesBuildPhase;
			buildActionMask = 2147483647;
			files = (
				7BEEA8110CD97C3900990559 /* main.cpp in Sources */,
				7BEEA8120CD97C3900990559 /* SubmitApp.cpp in Sources */,
				7BEEA8130CD97C3900990559 /* ConfigFileParser.cpp in Sources */,
				7BCEF3F40CF2520B00FD6DDD /* LogWriter.cpp in Sources */,
				7BD5C6FD0CF35ED400F422E4 /* xmlParser.cpp in Sources */,
			);
			runOnlyForDeploymentPostprocessing = 0;
		};
		8DD76F640486A84900D96B5E /* Sources */ = {
			isa = PBXSourcesBuildPhase;
			buildActionMask = 2147483647;
			files = (
				7B569CFB0CB321D300E3FAAD /* main.cpp in Sources */,
				7B1F1DD60CB58A330058ED33 /* AgentApp.cpp in Sources */,
				7B7997800CB6D99500B97A60 /* SystemInfo.cpp in Sources */,
				7BEEA8000CD97A8B00990559 /* ConfigFileParser.cpp in Sources */,
				7BCEF3F30CF2520B00FD6DDD /* LogWriter.cpp in Sources */,
				7BD5C6FC0CF35ED400F422E4 /* xmlParser.cpp in Sources */,
				7BD5C9500CF394D100F422E4 /* HealthManager.cpp in Sources */,
			);
			runOnlyForDeploymentPostprocessing = 0;
		};
/* End PBXSourcesBuildPhase section */

/* Begin PBXTargetDependency section */
		7B01569D0CF1316B00A721AA /* PBXTargetDependency */ = {
			isa = PBXTargetDependency;
			name = libsaga_adaptor_globus_gridftp_file;
			targetProxy = 7B01569C0CF1316B00A721AA /* PBXContainerItemProxy */;
		};
		7B01569F0CF1316B00A721AA /* PBXTargetDependency */ = {
			isa = PBXTargetDependency;
			name = libsaga_adaptor_globus_gram_job;
			targetProxy = 7B01569E0CF1316B00A721AA /* PBXContainerItemProxy */;
		};
		7B0156A10CF1316B00A721AA /* PBXTargetDependency */ = {
			isa = PBXTargetDependency;
			name = saga_engine;
			targetProxy = 7B0156A00CF1316B00A721AA /* PBXContainerItemProxy */;
		};
		7B0156A30CF1316B00A721AA /* PBXTargetDependency */ = {
			isa = PBXTargetDependency;
			name = saga_package_namespace;
			targetProxy = 7B0156A20CF1316B00A721AA /* PBXContainerItemProxy */;
		};
		7B0156A50CF1316B00A721AA /* PBXTargetDependency */ = {
			isa = PBXTargetDependency;
			name = saga_package_file;
			targetProxy = 7B0156A40CF1316B00A721AA /* PBXContainerItemProxy */;
		};
		7B0156A70CF1316B00A721AA /* PBXTargetDependency */ = {
			isa = PBXTargetDependency;
			name = saga_package_advert;
			targetProxy = 7B0156A60CF1316B00A721AA /* PBXContainerItemProxy */;
		};
		7B0156A90CF1316B00A721AA /* PBXTargetDependency */ = {
			isa = PBXTargetDependency;
			name = saga_package_job;
			targetProxy = 7B0156A80CF1316B00A721AA /* PBXContainerItemProxy */;
		};
		7B0156AB0CF1316B00A721AA /* PBXTargetDependency */ = {
			isa = PBXTargetDependency;
			name = libsaga_adaptor_default_file;
			targetProxy = 7B0156AA0CF1316B00A721AA /* PBXContainerItemProxy */;
		};
		7B0156AD0CF1316B00A721AA /* PBXTargetDependency */ = {
			isa = PBXTargetDependency;
			name = libsaga_adaptor_default_job;
			targetProxy = 7B0156AC0CF1316B00A721AA /* PBXContainerItemProxy */;
		};
		7B0156AF0CF1316B00A721AA /* PBXTargetDependency */ = {
			isa = PBXTargetDependency;
			name = libsaga_adaptor_default_advert;
			targetProxy = 7B0156AE0CF1316B00A721AA /* PBXContainerItemProxy */;
		};
		7B0156B10CF1318600A721AA /* PBXTargetDependency */ = {
			isa = PBXTargetDependency;
			name = libsaga_adaptor_globus_gridftp_file;
			targetProxy = 7B0156B00CF1318600A721AA /* PBXContainerItemProxy */;
		};
		7B0156B30CF1318600A721AA /* PBXTargetDependency */ = {
			isa = PBXTargetDependency;
			name = libsaga_adaptor_globus_gram_job;
			targetProxy = 7B0156B20CF1318600A721AA /* PBXContainerItemProxy */;
		};
		7B0156B50CF1318600A721AA /* PBXTargetDependency */ = {
			isa = PBXTargetDependency;
			name = saga_engine;
			targetProxy = 7B0156B40CF1318600A721AA /* PBXContainerItemProxy */;
		};
		7B0156B70CF1318600A721AA /* PBXTargetDependency */ = {
			isa = PBXTargetDependency;
			name = saga_package_namespace;
			targetProxy = 7B0156B60CF1318600A721AA /* PBXContainerItemProxy */;
		};
		7B0156B90CF1318600A721AA /* PBXTargetDependency */ = {
			isa = PBXTargetDependency;
			name = saga_package_file;
			targetProxy = 7B0156B80CF1318600A721AA /* PBXContainerItemProxy */;
		};
		7B0156BB0CF1318600A721AA /* PBXTargetDependency */ = {
			isa = PBXTargetDependency;
			name = saga_package_advert;
			targetProxy = 7B0156BA0CF1318600A721AA /* PBXContainerItemProxy */;
		};
		7B0156BD0CF1318600A721AA /* PBXTargetDependency */ = {
			isa = PBXTargetDependency;
			name = saga_package_job;
			targetProxy = 7B0156BC0CF1318600A721AA /* PBXContainerItemProxy */;
		};
		7B0156BF0CF1318600A721AA /* PBXTargetDependency */ = {
			isa = PBXTargetDependency;
			name = libsaga_adaptor_default_file;
			targetProxy = 7B0156BE0CF1318600A721AA /* PBXContainerItemProxy */;
		};
		7B0156C10CF1318600A721AA /* PBXTargetDependency */ = {
			isa = PBXTargetDependency;
			name = libsaga_adaptor_default_job;
			targetProxy = 7B0156C00CF1318600A721AA /* PBXContainerItemProxy */;
		};
		7B0156C30CF1318600A721AA /* PBXTargetDependency */ = {
			isa = PBXTargetDependency;
			name = libsaga_adaptor_default_advert;
			targetProxy = 7B0156C20CF1318600A721AA /* PBXContainerItemProxy */;
		};
		7B9AD5390CC164EA004285D8 /* PBXTargetDependency */ = {
			isa = PBXTargetDependency;
			target = 7B9AD5080CC163AE004285D8 /* tf_submit */;
			targetProxy = 7B9AD5380CC164EA004285D8 /* PBXContainerItemProxy */;
		};
		7B9AD53B0CC164EA004285D8 /* PBXTargetDependency */ = {
			isa = PBXTargetDependency;
			target = 8DD76F620486A84900D96B5E /* tf_agent */;
			targetProxy = 7B9AD53A0CC164EA004285D8 /* PBXContainerItemProxy */;
		};
/* End PBXTargetDependency section */

/* Begin XCBuildConfiguration section */
		1DEB923208733DC60010E9CD /* Debug */ = {
			isa = XCBuildConfiguration;
			buildSettings = {
				COPY_PHASE_STRIP = NO;
				GCC_DYNAMIC_NO_PIC = NO;
				GCC_ENABLE_FIX_AND_CONTINUE = YES;
				GCC_MODEL_TUNING = G5;
				GCC_OPTIMIZATION_LEVEL = 0;
				INSTALL_PATH = "$(HOME)/bin";
				OTHER_CPLUSPLUSFLAGS = "$(OTHER_CFLAGS)";
				PRODUCT_NAME = tf_agent;
				ZERO_LINK = YES;
			};
			name = Debug;
		};
		1DEB923308733DC60010E9CD /* Release */ = {
			isa = XCBuildConfiguration;
			buildSettings = {
				ARCHS = (
					ppc,
					i386,
				);
				GCC_GENERATE_DEBUGGING_SYMBOLS = NO;
				GCC_MODEL_TUNING = G5;
				INSTALL_PATH = "$(HOME)/bin";
				OTHER_CPLUSPLUSFLAGS = "$(OTHER_CFLAGS)";
				PRODUCT_NAME = tf_agent;
			};
			name = Release;
		};
		1DEB923608733DC60010E9CD /* Debug */ = {
			isa = XCBuildConfiguration;
			buildSettings = {
				DEBUG_INFORMATION_FORMAT = dwarf;
				GCC_WARN_ABOUT_RETURN_TYPE = YES;
				GCC_WARN_UNUSED_VARIABLE = YES;
				HEADER_SEARCH_PATHS = (
					/usr/local/include,
					"$(inherited)",
					/Users/oweidner/Projects/SAGA/Code/cpp/trunk/src/,
				);
				KEEP_PRIVATE_EXTERNS = YES;
				LINK_WITH_STANDARD_LIBRARIES = YES;
				MACH_O_TYPE = mh_execute;
				OTHER_CPLUSPLUSFLAGS = "$(OTHER_CFLAGS)";
				PREBINDING = YES;
				SDKROOT = "$(DEVELOPER_SDK_DIR)/MacOSX10.5.sdk";
			};
			name = Debug;
		};
		1DEB923708733DC60010E9CD /* Release */ = {
			isa = XCBuildConfiguration;
			buildSettings = {
				GCC_WARN_ABOUT_RETURN_TYPE = YES;
				GCC_WARN_UNUSED_VARIABLE = YES;
				HEADER_SEARCH_PATHS = (
					/usr/local/include,
					"$(inherited)",
					/Users/oweidner/Projects/SAGA/Code/cpp/trunk/src/,
				);
				KEEP_PRIVATE_EXTERNS = YES;
				LINK_WITH_STANDARD_LIBRARIES = YES;
				MACH_O_TYPE = mh_execute;
				OTHER_CPLUSPLUSFLAGS = "$(OTHER_CFLAGS)";
				PREBINDING = YES;
				SDKROOT = "$(DEVELOPER_SDK_DIR)/MacOSX10.5.sdk";
			};
			name = Release;
		};
		7B9AD5240CC163AE004285D8 /* Debug */ = {
			isa = XCBuildConfiguration;
			buildSettings = {
				COPY_PHASE_STRIP = NO;
				GCC_DYNAMIC_NO_PIC = NO;
				GCC_ENABLE_FIX_AND_CONTINUE = YES;
				GCC_MODEL_TUNING = G5;
				GCC_OPTIMIZATION_LEVEL = 0;
				INSTALL_PATH = "$(HOME)/bin";
				PRODUCT_NAME = tf_submit;
				ZERO_LINK = YES;
			};
			name = Debug;
		};
		7B9AD5250CC163AE004285D8 /* Release */ = {
			isa = XCBuildConfiguration;
			buildSettings = {
				ARCHS = (
					ppc,
					i386,
				);
				GCC_GENERATE_DEBUGGING_SYMBOLS = NO;
				GCC_MODEL_TUNING = G5;
				INSTALL_PATH = "$(HOME)/bin";
				PRODUCT_NAME = tf_submit;
			};
			name = Release;
		};
		7B9AD53E0CC16513004285D8 /* Debug */ = {
			isa = XCBuildConfiguration;
			buildSettings = {
				COPY_PHASE_STRIP = NO;
				GCC_DYNAMIC_NO_PIC = NO;
				GCC_GENERATE_DEBUGGING_SYMBOLS = YES;
				GCC_OPTIMIZATION_LEVEL = 0;
				PRODUCT_NAME = task_farming;
			};
			name = Debug;
		};
		7B9AD53F0CC16513004285D8 /* Release */ = {
			isa = XCBuildConfiguration;
			buildSettings = {
				COPY_PHASE_STRIP = YES;
				GCC_ENABLE_FIX_AND_CONTINUE = NO;
				GCC_GENERATE_DEBUGGING_SYMBOLS = NO;
				PRODUCT_NAME = task_farming;
				ZERO_LINK = NO;
			};
			name = Release;
		};
/* End XCBuildConfiguration section */

/* Begin XCConfigurationList section */
		1DEB923108733DC60010E9CD /* Build configuration list for PBXNativeTarget "tf_agent" */ = {
			isa = XCConfigurationList;
			buildConfigurations = (
				1DEB923208733DC60010E9CD /* Debug */,
				1DEB923308733DC60010E9CD /* Release */,
			);
			defaultConfigurationIsVisible = 0;
			defaultConfigurationName = Release;
		};
		1DEB923508733DC60010E9CD /* Build configuration list for PBXProject "task_farming" */ = {
			isa = XCConfigurationList;
			buildConfigurations = (
				1DEB923608733DC60010E9CD /* Debug */,
				1DEB923708733DC60010E9CD /* Release */,
			);
			defaultConfigurationIsVisible = 0;
			defaultConfigurationName = Release;
		};
		7B9AD5230CC163AE004285D8 /* Build configuration list for PBXNativeTarget "tf_submit" */ = {
			isa = XCConfigurationList;
			buildConfigurations = (
				7B9AD5240CC163AE004285D8 /* Debug */,
				7B9AD5250CC163AE004285D8 /* Release */,
			);
			defaultConfigurationIsVisible = 0;
			defaultConfigurationName = Release;
		};
		7B9AD53D0CC16513004285D8 /* Build configuration list for PBXAggregateTarget "task_farming" */ = {
			isa = XCConfigurationList;
			buildConfigurations = (
				7B9AD53E0CC16513004285D8 /* Debug */,
				7B9AD53F0CC16513004285D8 /* Release */,
			);
			defaultConfigurationIsVisible = 0;
			defaultConfigurationName = Release;
		};
/* End XCConfigurationList section */
	};
	rootObject = 08FB7793FE84155DC02AAC07 /* Project object */;
}
