// !$*UTF8*$!
{
	archiveVersion = 1;
	classes = {
	};
	objectVersion = 45;
	objects = {

/* Begin PBXBuildFile section */
		7B277A360E9D39D4003B12AD /* libsaga_engine.dylib in Frameworks */ = {isa = PBXBuildFile; fileRef = 7BBD4F740E9C0BFE00DD28FC /* libsaga_engine.dylib */; };
		7B277A380E9D39DA003B12AD /* libsaga_package_job.dylib in Frameworks */ = {isa = PBXBuildFile; fileRef = 7BBD4F770E9C0BFE00DD28FC /* libsaga_package_job.dylib */; };
		7B277AD30E9D4C8A003B12AD /* libsaga_package_file.dylib in Frameworks */ = {isa = PBXBuildFile; fileRef = 7BBD4F760E9C0BFE00DD28FC /* libsaga_package_file.dylib */; };
		7B277B0F0E9D4DF8003B12AD /* libsaga_package_namespace.dylib in Frameworks */ = {isa = PBXBuildFile; fileRef = 7BBD4F780E9C0BFE00DD28FC /* libsaga_package_namespace.dylib */; };
		7B4F0D200E9E620D0008F0E8 /* LogWriter.cpp in Sources */ = {isa = PBXBuildFile; fileRef = 7B4F0D1E0E9E620D0008F0E8 /* LogWriter.cpp */; };
		7BDF9B340E9D03BB00E4E8D2 /* TaskController.cpp in Sources */ = {isa = PBXBuildFile; fileRef = 7BDF9B330E9D03BB00E4E8D2 /* TaskController.cpp */; };
		8DD76F650486A84900D96B5E /* main.cpp in Sources */ = {isa = PBXBuildFile; fileRef = 08FB7796FE84155DC02AAC07 /* main.cpp */; settings = {ATTRIBUTES = (); }; };
		8DD76F6A0486A84900D96B5E /* GridNPB-SAGA.1 in CopyFiles */ = {isa = PBXBuildFile; fileRef = C6859E8B029090EE04C91782 /* GridNPB-SAGA.1 */; };
/* End PBXBuildFile section */

/* Begin PBXCopyFilesBuildPhase section */
		8DD76F690486A84900D96B5E /* CopyFiles */ = {
			isa = PBXCopyFilesBuildPhase;
			buildActionMask = 8;
			dstPath = /usr/share/man/man1/;
			dstSubfolderSpec = 0;
			files = (
				8DD76F6A0486A84900D96B5E /* GridNPB-SAGA.1 in CopyFiles */,
			);
			runOnlyForDeploymentPostprocessing = 1;
		};
/* End PBXCopyFilesBuildPhase section */

/* Begin PBXFileReference section */
		08FB7796FE84155DC02AAC07 /* main.cpp */ = {isa = PBXFileReference; fileEncoding = 4; lastKnownFileType = sourcecode.cpp.cpp; name = main.cpp; path = source/main.cpp; sourceTree = "<group>"; };
		7B4F0D1E0E9E620D0008F0E8 /* LogWriter.cpp */ = {isa = PBXFileReference; fileEncoding = 4; lastKnownFileType = sourcecode.cpp.cpp; name = LogWriter.cpp; path = source/LogWriter.cpp; sourceTree = "<group>"; };
		7B4F0D1F0E9E620D0008F0E8 /* LogWriter.hpp */ = {isa = PBXFileReference; fileEncoding = 4; lastKnownFileType = sourcecode.cpp.h; name = LogWriter.hpp; path = source/LogWriter.hpp; sourceTree = "<group>"; };
		7BBD4F2A0E9C0B5900DD28FC /* libboost_date_time-mt-1_35.dylib */ = {isa = PBXFileReference; lastKnownFileType = "compiled.mach-o.dylib"; name = "libboost_date_time-mt-1_35.dylib"; path = "/usr/local/lib/libboost_date_time-mt-1_35.dylib"; sourceTree = "<absolute>"; };
		7BBD4F2B0E9C0B5900DD28FC /* libboost_program_options-mt-1_35.dylib */ = {isa = PBXFileReference; lastKnownFileType = "compiled.mach-o.dylib"; name = "libboost_program_options-mt-1_35.dylib"; path = "/usr/local/lib/libboost_program_options-mt-1_35.dylib"; sourceTree = "<absolute>"; };
		7BBD4F740E9C0BFE00DD28FC /* libsaga_engine.dylib */ = {isa = PBXFileReference; lastKnownFileType = "compiled.mach-o.dylib"; name = libsaga_engine.dylib; path = "/usr/local/saga-1.0/lib/libsaga_engine.dylib"; sourceTree = "<absolute>"; };
		7BBD4F750E9C0BFE00DD28FC /* libsaga_package_advert.dylib */ = {isa = PBXFileReference; lastKnownFileType = "compiled.mach-o.dylib"; name = libsaga_package_advert.dylib; path = "/usr/local/saga-1.0/lib/libsaga_package_advert.dylib"; sourceTree = "<absolute>"; };
		7BBD4F760E9C0BFE00DD28FC /* libsaga_package_file.dylib */ = {isa = PBXFileReference; lastKnownFileType = "compiled.mach-o.dylib"; name = libsaga_package_file.dylib; path = "/usr/local/saga-1.0/lib/libsaga_package_file.dylib"; sourceTree = "<absolute>"; };
		7BBD4F770E9C0BFE00DD28FC /* libsaga_package_job.dylib */ = {isa = PBXFileReference; lastKnownFileType = "compiled.mach-o.dylib"; name = libsaga_package_job.dylib; path = "/usr/local/saga-1.0/lib/libsaga_package_job.dylib"; sourceTree = "<absolute>"; };
		7BBD4F780E9C0BFE00DD28FC /* libsaga_package_namespace.dylib */ = {isa = PBXFileReference; lastKnownFileType = "compiled.mach-o.dylib"; name = libsaga_package_namespace.dylib; path = "/usr/local/saga-1.0/lib/libsaga_package_namespace.dylib"; sourceTree = "<absolute>"; };
		7BBD4F790E9C0BFE00DD28FC /* libsaga_package_replica.dylib */ = {isa = PBXFileReference; lastKnownFileType = "compiled.mach-o.dylib"; name = libsaga_package_replica.dylib; path = "/usr/local/saga-1.0/lib/libsaga_package_replica.dylib"; sourceTree = "<absolute>"; };
		7BBD4F7A0E9C0BFE00DD28FC /* libsaga_package_rpc.dylib */ = {isa = PBXFileReference; lastKnownFileType = "compiled.mach-o.dylib"; name = libsaga_package_rpc.dylib; path = "/usr/local/saga-1.0/lib/libsaga_package_rpc.dylib"; sourceTree = "<absolute>"; };
		7BBD4F7B0E9C0BFE00DD28FC /* libsaga_package_stream.dylib */ = {isa = PBXFileReference; lastKnownFileType = "compiled.mach-o.dylib"; name = libsaga_package_stream.dylib; path = "/usr/local/saga-1.0/lib/libsaga_package_stream.dylib"; sourceTree = "<absolute>"; };
		7BDF9B320E9D03BB00E4E8D2 /* TaskController.hpp */ = {isa = PBXFileReference; fileEncoding = 4; lastKnownFileType = sourcecode.cpp.h; name = TaskController.hpp; path = source/TaskController.hpp; sourceTree = "<group>"; };
		7BDF9B330E9D03BB00E4E8D2 /* TaskController.cpp */ = {isa = PBXFileReference; fileEncoding = 4; lastKnownFileType = sourcecode.cpp.cpp; name = TaskController.cpp; path = source/TaskController.cpp; sourceTree = "<group>"; };
		8DD76F6C0486A84900D96B5E /* GridNPB-SAGA */ = {isa = PBXFileReference; explicitFileType = "compiled.mach-o.executable"; includeInIndex = 0; path = "GridNPB-SAGA"; sourceTree = BUILT_PRODUCTS_DIR; };
		C6859E8B029090EE04C91782 /* GridNPB-SAGA.1 */ = {isa = PBXFileReference; lastKnownFileType = text.man; path = "GridNPB-SAGA.1"; sourceTree = "<group>"; };
/* End PBXFileReference section */

/* Begin PBXFrameworksBuildPhase section */
		8DD76F660486A84900D96B5E /* Frameworks */ = {
			isa = PBXFrameworksBuildPhase;
			buildActionMask = 2147483647;
			files = (
				7B277B0F0E9D4DF8003B12AD /* libsaga_package_namespace.dylib in Frameworks */,
				7B277AD30E9D4C8A003B12AD /* libsaga_package_file.dylib in Frameworks */,
				7B277A380E9D39DA003B12AD /* libsaga_package_job.dylib in Frameworks */,
				7B277A360E9D39D4003B12AD /* libsaga_engine.dylib in Frameworks */,
			);
			runOnlyForDeploymentPostprocessing = 0;
		};
/* End PBXFrameworksBuildPhase section */

/* Begin PBXGroup section */
		08FB7794FE84155DC02AAC07 /* GridNPB-SAGA */ = {
			isa = PBXGroup;
			children = (
				08FB7795FE84155DC02AAC07 /* Source */,
				C6859E8C029090F304C91782 /* Documentation */,
				7BBD4F280E9C0B2900DD28FC /* External Libraries */,
				1AB674ADFE9D54B511CA2CBB /* Products */,
			);
			name = "GridNPB-SAGA";
			sourceTree = "<group>";
		};
		08FB7795FE84155DC02AAC07 /* Source */ = {
			isa = PBXGroup;
			children = (
				08FB7796FE84155DC02AAC07 /* main.cpp */,
				7B4F0D1E0E9E620D0008F0E8 /* LogWriter.cpp */,
				7B4F0D1F0E9E620D0008F0E8 /* LogWriter.hpp */,
				7BDF9B320E9D03BB00E4E8D2 /* TaskController.hpp */,
				7BDF9B330E9D03BB00E4E8D2 /* TaskController.cpp */,
			);
			name = Source;
			sourceTree = "<group>";
		};
		1AB674ADFE9D54B511CA2CBB /* Products */ = {
			isa = PBXGroup;
			children = (
				8DD76F6C0486A84900D96B5E /* GridNPB-SAGA */,
			);
			name = Products;
			sourceTree = "<group>";
		};
		7BBD4F280E9C0B2900DD28FC /* External Libraries */ = {
			isa = PBXGroup;
			children = (
				7BBD4F740E9C0BFE00DD28FC /* libsaga_engine.dylib */,
				7BBD4F750E9C0BFE00DD28FC /* libsaga_package_advert.dylib */,
				7BBD4F760E9C0BFE00DD28FC /* libsaga_package_file.dylib */,
				7BBD4F770E9C0BFE00DD28FC /* libsaga_package_job.dylib */,
				7BBD4F780E9C0BFE00DD28FC /* libsaga_package_namespace.dylib */,
				7BBD4F790E9C0BFE00DD28FC /* libsaga_package_replica.dylib */,
				7BBD4F7A0E9C0BFE00DD28FC /* libsaga_package_rpc.dylib */,
				7BBD4F7B0E9C0BFE00DD28FC /* libsaga_package_stream.dylib */,
				7BBD4F2A0E9C0B5900DD28FC /* libboost_date_time-mt-1_35.dylib */,
				7BBD4F2B0E9C0B5900DD28FC /* libboost_program_options-mt-1_35.dylib */,
			);
			name = "External Libraries";
			sourceTree = "<group>";
		};
		C6859E8C029090F304C91782 /* Documentation */ = {
			isa = PBXGroup;
			children = (
				C6859E8B029090EE04C91782 /* GridNPB-SAGA.1 */,
			);
			name = Documentation;
			sourceTree = "<group>";
		};
/* End PBXGroup section */

/* Begin PBXNativeTarget section */
		8DD76F620486A84900D96B5E /* GridNPB-SAGA */ = {
			isa = PBXNativeTarget;
			buildConfigurationList = 1DEB923108733DC60010E9CD /* Build configuration list for PBXNativeTarget "GridNPB-SAGA" */;
			buildPhases = (
				8DD76F640486A84900D96B5E /* Sources */,
				8DD76F660486A84900D96B5E /* Frameworks */,
				8DD76F690486A84900D96B5E /* CopyFiles */,
			);
			buildRules = (
			);
			dependencies = (
			);
			name = "GridNPB-SAGA";
			productInstallPath = "$(HOME)/bin";
			productName = "GridNPB-SAGA";
			productReference = 8DD76F6C0486A84900D96B5E /* GridNPB-SAGA */;
			productType = "com.apple.product-type.tool";
		};
/* End PBXNativeTarget section */

/* Begin PBXProject section */
		08FB7793FE84155DC02AAC07 /* Project object */ = {
			isa = PBXProject;
			buildConfigurationList = 1DEB923508733DC60010E9CD /* Build configuration list for PBXProject "GridNPB-SAGA" */;
			compatibilityVersion = "Xcode 3.1";
			hasScannedForEncodings = 1;
			mainGroup = 08FB7794FE84155DC02AAC07 /* GridNPB-SAGA */;
			projectDirPath = "";
			projectRoot = "";
			targets = (
				8DD76F620486A84900D96B5E /* GridNPB-SAGA */,
			);
		};
/* End PBXProject section */

/* Begin PBXSourcesBuildPhase section */
		8DD76F640486A84900D96B5E /* Sources */ = {
			isa = PBXSourcesBuildPhase;
			buildActionMask = 2147483647;
			files = (
				8DD76F650486A84900D96B5E /* main.cpp in Sources */,
				7BDF9B340E9D03BB00E4E8D2 /* TaskController.cpp in Sources */,
				7B4F0D200E9E620D0008F0E8 /* LogWriter.cpp in Sources */,
			);
			runOnlyForDeploymentPostprocessing = 0;
		};
/* End PBXSourcesBuildPhase section */

/* Begin XCBuildConfiguration section */
		1DEB923208733DC60010E9CD /* Debug */ = {
			isa = XCBuildConfiguration;
			buildSettings = {
				ALWAYS_SEARCH_USER_PATHS = NO;
				COPY_PHASE_STRIP = NO;
				GCC_DYNAMIC_NO_PIC = NO;
				GCC_ENABLE_FIX_AND_CONTINUE = YES;
				GCC_MODEL_TUNING = G5;
				GCC_OPTIMIZATION_LEVEL = 0;
				GCC_PREPROCESSOR_DEFINITIONS = "";
				INSTALL_PATH = /usr/local/bin;
				LIBRARY_SEARCH_PATHS = (
					"$(inherited)",
					"\"/usr/local/saga-1.0/lib\"",
				);
				PRODUCT_NAME = "GridNPB-SAGA";
			};
			name = Debug;
		};
		1DEB923308733DC60010E9CD /* Release */ = {
			isa = XCBuildConfiguration;
			buildSettings = {
				ALWAYS_SEARCH_USER_PATHS = NO;
				DEBUG_INFORMATION_FORMAT = "dwarf-with-dsym";
				GCC_MODEL_TUNING = G5;
				INSTALL_PATH = /usr/local/bin;
				LIBRARY_SEARCH_PATHS = (
					"$(inherited)",
					"\"/usr/local/saga-1.0/lib\"",
				);
				PRODUCT_NAME = "GridNPB-SAGA";
			};
			name = Release;
		};
		1DEB923608733DC60010E9CD /* Debug */ = {
			isa = XCBuildConfiguration;
			buildSettings = {
				ARCHS = "$(ARCHS_STANDARD_32_BIT)";
				FRAMEWORK_SEARCH_PATHS = "";
				GCC_C_LANGUAGE_STANDARD = c99;
				GCC_OPTIMIZATION_LEVEL = 0;
				GCC_WARN_ABOUT_RETURN_TYPE = YES;
				GCC_WARN_UNUSED_VARIABLE = YES;
				HEADER_SEARCH_PATHS = (
					"/usr/local/include/boost-1_35/",
					"/usr/local/saga-1.0/include/",
				);
				ONLY_ACTIVE_ARCH = YES;
				PREBINDING = NO;
				SDKROOT = macosx10.5;
			};
			name = Debug;
		};
		1DEB923708733DC60010E9CD /* Release */ = {
			isa = XCBuildConfiguration;
			buildSettings = {
				ARCHS = "$(ARCHS_STANDARD_32_BIT)";
				GCC_C_LANGUAGE_STANDARD = c99;
				GCC_WARN_ABOUT_RETURN_TYPE = YES;
				GCC_WARN_UNUSED_VARIABLE = YES;
				HEADER_SEARCH_PATHS = (
					"/usr/local/include/boost-1_35/",
					"/usr/local/saga-1.0/include/",
				);
				PREBINDING = NO;
				SDKROOT = macosx10.5;
			};
			name = Release;
		};
/* End XCBuildConfiguration section */

/* Begin XCConfigurationList section */
		1DEB923108733DC60010E9CD /* Build configuration list for PBXNativeTarget "GridNPB-SAGA" */ = {
			isa = XCConfigurationList;
			buildConfigurations = (
				1DEB923208733DC60010E9CD /* Debug */,
				1DEB923308733DC60010E9CD /* Release */,
			);
			defaultConfigurationIsVisible = 0;
			defaultConfigurationName = Release;
		};
		1DEB923508733DC60010E9CD /* Build configuration list for PBXProject "GridNPB-SAGA" */ = {
			isa = XCConfigurationList;
			buildConfigurations = (
				1DEB923608733DC60010E9CD /* Debug */,
				1DEB923708733DC60010E9CD /* Release */,
			);
			defaultConfigurationIsVisible = 0;
			defaultConfigurationName = Release;
		};
/* End XCConfigurationList section */
	};
	rootObject = 08FB7793FE84155DC02AAC07 /* Project object */;
}
